
Microsoft Visual Studio Solution File, Format Version 12.00
# Visual Studio Version 17
VisualStudioVersion = 17.10.35013.160
MinimumVisualStudioVersion = 10.0.40219.1
Project("{9A19103F-16F7-4668-BE54-9A1E7A4F7556}") = "Practice1.Task1A", "Task1A\Practice1.Task1A.csproj", "{CD9C1F77-FCDC-4948-A3EA-07A91643D997}"
EndProject
Project("{2150E333-8FDC-42A3-9474-1A3956D46DE8}") = "Task1.CSharpBase", "Task1.CSharpBase", "{BB2B1E81-F634-4A50-9D18-D339BC8BCC08}"
EndProject
Project("{9A19103F-16F7-4668-BE54-9A1E7A4F7556}") = "Task1B", "Task1B\Task1B.csproj", "{2F31A269-6249-407C-B0EA-49647E538189}"
EndProject
Project("{9A19103F-16F7-4668-BE54-9A1E7A4F7556}") = "Practice1.Task2", "Task2\Practice1.Task2.csproj", "{F78B5085-40C6-473F-A92F-ED054440FDD6}"
EndProject
Project("{9A19103F-16F7-4668-BE54-9A1E7A4F7556}") = "Practice1.Task3", "Task3\Practice1.Task3.csproj", "{3AB9D515-F6B4-4FE4-A437-42BB10A5621C}"
EndProject
Project("{9A19103F-16F7-4668-BE54-9A1E7A4F7556}") = "Practice1.Task4", "Task4\Practice1.Task4.csproj", "{0BECDF36-BC64-4CF8-BCF4-FD264566C6F6}"
EndProject
Project("{9A19103F-16F7-4668-BE54-9A1E7A4F7556}") = "Practice1.Task5", "Task5\Practice1.Task5.csproj", "{9FBAA1DC-F4C5-4C87-8B28-BCBD192C3AB7}"
EndProject
Project("{9A19103F-16F7-4668-BE54-9A1E7A4F7556}") = "Practice1.Task6", "Task6\Practice1.Task6.csproj", "{BB825D16-A855-4936-B9C0-49A1BE8DA887}"
EndProject
Project("{9A19103F-16F7-4668-BE54-9A1E7A4F7556}") = "Practice1.Task7", "Task7\Practice1.Task7.csproj", "{62DA7324-74EF-4129-A453-DDE40B86D04F}"
EndProject
Project("{2150E333-8FDC-42A3-9474-1A3956D46DE8}") = "Practice2", "Practice2", "{24FE36CB-D2B6-4178-B594-AA672A96F970}"
EndProject
Project("{2150E333-8FDC-42A3-9474-1A3956D46DE8}") = "Practice1", "Practice1", "{7C3BA815-7E1A-410D-8452-CE60337B4787}"
EndProject
Project("{9A19103F-16F7-4668-BE54-9A1E7A4F7556}") = "Practice2.Task1", "Practice2.Task1\Practice2.Task1.csproj", "{7DF847E6-FC99-49B7-BBDF-C29FDCE19D6B}"
EndProject
Project("{9A19103F-16F7-4668-BE54-9A1E7A4F7556}") = "Practice2.Task2", "Practice2.Task2\Practice2.Task2.csproj", "{D8DD804F-4834-4FAA-A28E-45B7B39DD40C}"
EndProject
Project("{9A19103F-16F7-4668-BE54-9A1E7A4F7556}") = "Practice2.Task3", "Practice2.Task3\Practice2.Task3.csproj", "{E32D04B6-6CF0-4329-96ED-586D4CF4526E}"
EndProject
Project("{9A19103F-16F7-4668-BE54-9A1E7A4F7556}") = "Practice2.Task4", "Practice2.Task4\Practice2.Task4.csproj", "{53E38954-BB18-43E3-966B-95AA1902F989}"
EndProject
Project("{9A19103F-16F7-4668-BE54-9A1E7A4F7556}") = "Practice2.Task5", "Practice2.Task5\Practice2.Task5.csproj", "{542460B5-EF76-4C4B-89CC-0A3B6DE7A779}"
EndProject
Project("{9A19103F-16F7-4668-BE54-9A1E7A4F7556}") = "Ptactice2.Task6", "Ptactice2.Task6\Ptactice2.Task6.csproj", "{0D241723-7CD6-41CC-BAEA-7389B3A86F1A}"
EndProject
Project("{9A19103F-16F7-4668-BE54-9A1E7A4F7556}") = "Practice2.Task7", "Practice2.Task7\Practice2.Task7.csproj", "{2A6D19E9-4F57-44BD-BC4D-1DE5D64BBA0F}"
EndProject
Project("{9A19103F-16F7-4668-BE54-9A1E7A4F7556}") = "Ptactice2.Task8", "Ptactice2.Task8\Ptactice2.Task8.csproj", "{DCF56B22-EE1D-4FAC-98E4-2FFDE29B9A39}"
EndProject
Project("{9A19103F-16F7-4668-BE54-9A1E7A4F7556}") = "Practice2.Task9", "Practice2.Task9\Practice2.Task9.csproj", "{CAB7F1EA-9E55-493D-9102-A8FB9FD86DA3}"
EndProject
Project("{9A19103F-16F7-4668-BE54-9A1E7A4F7556}") = "Practice2.Task10", "Practice2.Task10\Practice2.Task10.csproj", "{2B3CE58B-6A5F-413A-A525-E4E35D0A5CFB}"
EndProject
Project("{9A19103F-16F7-4668-BE54-9A1E7A4F7556}") = "Practice2.Task11", "Practice2.Task11\Practice2.Task11.csproj", "{55A69CF3-A318-40BB-AF45-EB40744353DB}"
EndProject
Project("{9A19103F-16F7-4668-BE54-9A1E7A4F7556}") = "Practice2.Task12", "Practice2.Task12\Practice2.Task12.csproj", "{DF9A02EA-BEEE-47AF-8C46-48B42B0F568C}"
EndProject
Project("{9A19103F-16F7-4668-BE54-9A1E7A4F7556}") = "Practice2.Task13", "Practice2.Task13\Practice2.Task13.csproj", "{02A5B8F7-3474-43F8-BC3A-90EF911D2CEF}"
EndProject
Project("{9A19103F-16F7-4668-BE54-9A1E7A4F7556}") = "Practice2.Task14", "Practice2.Task14\Practice2.Task14.csproj", "{B7A635B2-658B-429F-9D5C-4295EDEF6CF1}"
EndProject
Project("{9A19103F-16F7-4668-BE54-9A1E7A4F7556}") = "Practice2.Task15", "Practice2.Task15\Practice2.Task15.csproj", "{3DCA0170-1B24-49EB-A203-A03AD84A09D8}"
EndProject
Project("{9A19103F-16F7-4668-BE54-9A1E7A4F7556}") = "Practice2.Task16", "Practice2.Task16\Practice2.Task16.csproj", "{8036DDC7-DE7F-40A9-879E-C49E4FF9B0F0}"
EndProject
Project("{9A19103F-16F7-4668-BE54-9A1E7A4F7556}") = "Practice2.Task17", "Practice2.Task17\Practice2.Task17.csproj", "{4310B691-5DB9-4CE0-8567-308D05F6DA6F}"
EndProject
Project("{9A19103F-16F7-4668-BE54-9A1E7A4F7556}") = "Practice2.Task18", "Practice2.Task18\Practice2.Task18.csproj", "{8D016F12-BF23-433B-85B6-8BE0EC407BB1}"
EndProject
Project("{9A19103F-16F7-4668-BE54-9A1E7A4F7556}") = "Practice2.Task19", "Practice2.Task19\Practice2.Task19.csproj", "{ACBD56B7-D020-4A52-9A7C-59A210EC7CB2}"
EndProject
Project("{FAE04EC0-301F-11D3-BF4B-00C04F79EFBC}") = "Practice2.Task20", "Practice2.Task20\Practice2.Task20.csproj", "{26856AFA-4128-4422-8AF3-BB057A518A70}"
EndProject
Project("{FAE04EC0-301F-11D3-BF4B-00C04F79EFBC}") = "Practice2.Task21", "Practice2.Task21\Practice2.Task21.csproj", "{1925141F-B69A-4E77-B9BD-927C5E3A3294}"
EndProject
Project("{FAE04EC0-301F-11D3-BF4B-00C04F79EFBC}") = "Practice2.Task22", "Practice2.Task22\Practice2.Task22.csproj", "{0B4DC724-7305-4BA5-9429-FCEC11AEA336}"
EndProject
Project("{FAE04EC0-301F-11D3-BF4B-00C04F79EFBC}") = "Practice2.Task23", "Practice2.Task23\Practice2.Task23.csproj", "{17D29D31-EF5E-486D-810A-8A8B11AF1EA5}"
EndProject
Project("{FAE04EC0-301F-11D3-BF4B-00C04F79EFBC}") = "Practice2.Task24", "Practice2.Task24\Practice2.Task24.csproj", "{C673B577-EBDC-444C-B021-C19C4632F3AE}"
EndProject
Project("{FAE04EC0-301F-11D3-BF4B-00C04F79EFBC}") = "Practice2.Task25", "Practice2.Task25\Practice2.Task25.csproj", "{981DEBEC-14D4-4361-91E0-EBD368D31091}"
EndProject
Global
	GlobalSection(SolutionConfigurationPlatforms) = preSolution
		CheckIn|Any CPU = CheckIn|Any CPU
		CheckIn|x64 = CheckIn|x64
		CheckIn|x86 = CheckIn|x86
		Debug|Any CPU = Debug|Any CPU
		Debug|x64 = Debug|x64
		Debug|x86 = Debug|x86
		Release|Any CPU = Release|Any CPU
		Release|x64 = Release|x64
		Release|x86 = Release|x86
	EndGlobalSection
	GlobalSection(ProjectConfigurationPlatforms) = postSolution
		{CD9C1F77-FCDC-4948-A3EA-07A91643D997}.CheckIn|Any CPU.ActiveCfg = CheckIn|Any CPU
		{CD9C1F77-FCDC-4948-A3EA-07A91643D997}.CheckIn|Any CPU.Build.0 = CheckIn|Any CPU
		{CD9C1F77-FCDC-4948-A3EA-07A91643D997}.CheckIn|x64.ActiveCfg = CheckIn|Any CPU
		{CD9C1F77-FCDC-4948-A3EA-07A91643D997}.CheckIn|x64.Build.0 = CheckIn|Any CPU
		{CD9C1F77-FCDC-4948-A3EA-07A91643D997}.CheckIn|x86.ActiveCfg = CheckIn|Any CPU
		{CD9C1F77-FCDC-4948-A3EA-07A91643D997}.CheckIn|x86.Build.0 = CheckIn|Any CPU
		{CD9C1F77-FCDC-4948-A3EA-07A91643D997}.Debug|Any CPU.ActiveCfg = Debug|Any CPU
		{CD9C1F77-FCDC-4948-A3EA-07A91643D997}.Debug|Any CPU.Build.0 = Debug|Any CPU
		{CD9C1F77-FCDC-4948-A3EA-07A91643D997}.Debug|x64.ActiveCfg = Debug|Any CPU
		{CD9C1F77-FCDC-4948-A3EA-07A91643D997}.Debug|x64.Build.0 = Debug|Any CPU
		{CD9C1F77-FCDC-4948-A3EA-07A91643D997}.Debug|x86.ActiveCfg = Debug|Any CPU
		{CD9C1F77-FCDC-4948-A3EA-07A91643D997}.Debug|x86.Build.0 = Debug|Any CPU
		{CD9C1F77-FCDC-4948-A3EA-07A91643D997}.Release|Any CPU.ActiveCfg = Release|Any CPU
		{CD9C1F77-FCDC-4948-A3EA-07A91643D997}.Release|Any CPU.Build.0 = Release|Any CPU
		{CD9C1F77-FCDC-4948-A3EA-07A91643D997}.Release|x64.ActiveCfg = Release|Any CPU
		{CD9C1F77-FCDC-4948-A3EA-07A91643D997}.Release|x64.Build.0 = Release|Any CPU
		{CD9C1F77-FCDC-4948-A3EA-07A91643D997}.Release|x86.ActiveCfg = Release|Any CPU
		{CD9C1F77-FCDC-4948-A3EA-07A91643D997}.Release|x86.Build.0 = Release|Any CPU
		{2F31A269-6249-407C-B0EA-49647E538189}.CheckIn|Any CPU.ActiveCfg = CheckIn|Any CPU
		{2F31A269-6249-407C-B0EA-49647E538189}.CheckIn|Any CPU.Build.0 = CheckIn|Any CPU
		{2F31A269-6249-407C-B0EA-49647E538189}.CheckIn|x64.ActiveCfg = CheckIn|Any CPU
		{2F31A269-6249-407C-B0EA-49647E538189}.CheckIn|x64.Build.0 = CheckIn|Any CPU
		{2F31A269-6249-407C-B0EA-49647E538189}.CheckIn|x86.ActiveCfg = CheckIn|Any CPU
		{2F31A269-6249-407C-B0EA-49647E538189}.CheckIn|x86.Build.0 = CheckIn|Any CPU
		{2F31A269-6249-407C-B0EA-49647E538189}.Debug|Any CPU.ActiveCfg = Debug|Any CPU
		{2F31A269-6249-407C-B0EA-49647E538189}.Debug|Any CPU.Build.0 = Debug|Any CPU
		{2F31A269-6249-407C-B0EA-49647E538189}.Debug|x64.ActiveCfg = Debug|Any CPU
		{2F31A269-6249-407C-B0EA-49647E538189}.Debug|x64.Build.0 = Debug|Any CPU
		{2F31A269-6249-407C-B0EA-49647E538189}.Debug|x86.ActiveCfg = Debug|Any CPU
		{2F31A269-6249-407C-B0EA-49647E538189}.Debug|x86.Build.0 = Debug|Any CPU
		{2F31A269-6249-407C-B0EA-49647E538189}.Release|Any CPU.ActiveCfg = Release|Any CPU
		{2F31A269-6249-407C-B0EA-49647E538189}.Release|Any CPU.Build.0 = Release|Any CPU
		{2F31A269-6249-407C-B0EA-49647E538189}.Release|x64.ActiveCfg = Release|Any CPU
		{2F31A269-6249-407C-B0EA-49647E538189}.Release|x64.Build.0 = Release|Any CPU
		{2F31A269-6249-407C-B0EA-49647E538189}.Release|x86.ActiveCfg = Release|Any CPU
		{2F31A269-6249-407C-B0EA-49647E538189}.Release|x86.Build.0 = Release|Any CPU
		{F78B5085-40C6-473F-A92F-ED054440FDD6}.CheckIn|Any CPU.ActiveCfg = Debug|Any CPU
		{F78B5085-40C6-473F-A92F-ED054440FDD6}.CheckIn|Any CPU.Build.0 = Debug|Any CPU
		{F78B5085-40C6-473F-A92F-ED054440FDD6}.CheckIn|x64.ActiveCfg = Debug|Any CPU
		{F78B5085-40C6-473F-A92F-ED054440FDD6}.CheckIn|x64.Build.0 = Debug|Any CPU
		{F78B5085-40C6-473F-A92F-ED054440FDD6}.CheckIn|x86.ActiveCfg = Debug|Any CPU
		{F78B5085-40C6-473F-A92F-ED054440FDD6}.CheckIn|x86.Build.0 = Debug|Any CPU
		{F78B5085-40C6-473F-A92F-ED054440FDD6}.Debug|Any CPU.ActiveCfg = Debug|Any CPU
		{F78B5085-40C6-473F-A92F-ED054440FDD6}.Debug|Any CPU.Build.0 = Debug|Any CPU
		{F78B5085-40C6-473F-A92F-ED054440FDD6}.Debug|x64.ActiveCfg = Debug|Any CPU
		{F78B5085-40C6-473F-A92F-ED054440FDD6}.Debug|x64.Build.0 = Debug|Any CPU
		{F78B5085-40C6-473F-A92F-ED054440FDD6}.Debug|x86.ActiveCfg = Debug|Any CPU
		{F78B5085-40C6-473F-A92F-ED054440FDD6}.Debug|x86.Build.0 = Debug|Any CPU
		{F78B5085-40C6-473F-A92F-ED054440FDD6}.Release|Any CPU.ActiveCfg = Release|Any CPU
		{F78B5085-40C6-473F-A92F-ED054440FDD6}.Release|Any CPU.Build.0 = Release|Any CPU
		{F78B5085-40C6-473F-A92F-ED054440FDD6}.Release|x64.ActiveCfg = Release|Any CPU
		{F78B5085-40C6-473F-A92F-ED054440FDD6}.Release|x64.Build.0 = Release|Any CPU
		{F78B5085-40C6-473F-A92F-ED054440FDD6}.Release|x86.ActiveCfg = Release|Any CPU
		{F78B5085-40C6-473F-A92F-ED054440FDD6}.Release|x86.Build.0 = Release|Any CPU
		{3AB9D515-F6B4-4FE4-A437-42BB10A5621C}.CheckIn|Any CPU.ActiveCfg = Debug|Any CPU
		{3AB9D515-F6B4-4FE4-A437-42BB10A5621C}.CheckIn|Any CPU.Build.0 = Debug|Any CPU
		{3AB9D515-F6B4-4FE4-A437-42BB10A5621C}.CheckIn|x64.ActiveCfg = Debug|Any CPU
		{3AB9D515-F6B4-4FE4-A437-42BB10A5621C}.CheckIn|x64.Build.0 = Debug|Any CPU
		{3AB9D515-F6B4-4FE4-A437-42BB10A5621C}.CheckIn|x86.ActiveCfg = Debug|Any CPU
		{3AB9D515-F6B4-4FE4-A437-42BB10A5621C}.CheckIn|x86.Build.0 = Debug|Any CPU
		{3AB9D515-F6B4-4FE4-A437-42BB10A5621C}.Debug|Any CPU.ActiveCfg = Debug|Any CPU
		{3AB9D515-F6B4-4FE4-A437-42BB10A5621C}.Debug|Any CPU.Build.0 = Debug|Any CPU
		{3AB9D515-F6B4-4FE4-A437-42BB10A5621C}.Debug|x64.ActiveCfg = Debug|Any CPU
		{3AB9D515-F6B4-4FE4-A437-42BB10A5621C}.Debug|x64.Build.0 = Debug|Any CPU
		{3AB9D515-F6B4-4FE4-A437-42BB10A5621C}.Debug|x86.ActiveCfg = Debug|Any CPU
		{3AB9D515-F6B4-4FE4-A437-42BB10A5621C}.Debug|x86.Build.0 = Debug|Any CPU
		{3AB9D515-F6B4-4FE4-A437-42BB10A5621C}.Release|Any CPU.ActiveCfg = Release|Any CPU
		{3AB9D515-F6B4-4FE4-A437-42BB10A5621C}.Release|Any CPU.Build.0 = Release|Any CPU
		{3AB9D515-F6B4-4FE4-A437-42BB10A5621C}.Release|x64.ActiveCfg = Release|Any CPU
		{3AB9D515-F6B4-4FE4-A437-42BB10A5621C}.Release|x64.Build.0 = Release|Any CPU
		{3AB9D515-F6B4-4FE4-A437-42BB10A5621C}.Release|x86.ActiveCfg = Release|Any CPU
		{3AB9D515-F6B4-4FE4-A437-42BB10A5621C}.Release|x86.Build.0 = Release|Any CPU
		{0BECDF36-BC64-4CF8-BCF4-FD264566C6F6}.CheckIn|Any CPU.ActiveCfg = Debug|Any CPU
		{0BECDF36-BC64-4CF8-BCF4-FD264566C6F6}.CheckIn|Any CPU.Build.0 = Debug|Any CPU
		{0BECDF36-BC64-4CF8-BCF4-FD264566C6F6}.CheckIn|x64.ActiveCfg = Debug|Any CPU
		{0BECDF36-BC64-4CF8-BCF4-FD264566C6F6}.CheckIn|x64.Build.0 = Debug|Any CPU
		{0BECDF36-BC64-4CF8-BCF4-FD264566C6F6}.CheckIn|x86.ActiveCfg = Debug|Any CPU
		{0BECDF36-BC64-4CF8-BCF4-FD264566C6F6}.CheckIn|x86.Build.0 = Debug|Any CPU
		{0BECDF36-BC64-4CF8-BCF4-FD264566C6F6}.Debug|Any CPU.ActiveCfg = Debug|Any CPU
		{0BECDF36-BC64-4CF8-BCF4-FD264566C6F6}.Debug|Any CPU.Build.0 = Debug|Any CPU
		{0BECDF36-BC64-4CF8-BCF4-FD264566C6F6}.Debug|x64.ActiveCfg = Debug|Any CPU
		{0BECDF36-BC64-4CF8-BCF4-FD264566C6F6}.Debug|x64.Build.0 = Debug|Any CPU
		{0BECDF36-BC64-4CF8-BCF4-FD264566C6F6}.Debug|x86.ActiveCfg = Debug|Any CPU
		{0BECDF36-BC64-4CF8-BCF4-FD264566C6F6}.Debug|x86.Build.0 = Debug|Any CPU
		{0BECDF36-BC64-4CF8-BCF4-FD264566C6F6}.Release|Any CPU.ActiveCfg = Release|Any CPU
		{0BECDF36-BC64-4CF8-BCF4-FD264566C6F6}.Release|Any CPU.Build.0 = Release|Any CPU
		{0BECDF36-BC64-4CF8-BCF4-FD264566C6F6}.Release|x64.ActiveCfg = Release|Any CPU
		{0BECDF36-BC64-4CF8-BCF4-FD264566C6F6}.Release|x64.Build.0 = Release|Any CPU
		{0BECDF36-BC64-4CF8-BCF4-FD264566C6F6}.Release|x86.ActiveCfg = Release|Any CPU
		{0BECDF36-BC64-4CF8-BCF4-FD264566C6F6}.Release|x86.Build.0 = Release|Any CPU
		{9FBAA1DC-F4C5-4C87-8B28-BCBD192C3AB7}.CheckIn|Any CPU.ActiveCfg = Debug|Any CPU
		{9FBAA1DC-F4C5-4C87-8B28-BCBD192C3AB7}.CheckIn|Any CPU.Build.0 = Debug|Any CPU
		{9FBAA1DC-F4C5-4C87-8B28-BCBD192C3AB7}.CheckIn|x64.ActiveCfg = Debug|Any CPU
		{9FBAA1DC-F4C5-4C87-8B28-BCBD192C3AB7}.CheckIn|x64.Build.0 = Debug|Any CPU
		{9FBAA1DC-F4C5-4C87-8B28-BCBD192C3AB7}.CheckIn|x86.ActiveCfg = Debug|Any CPU
		{9FBAA1DC-F4C5-4C87-8B28-BCBD192C3AB7}.CheckIn|x86.Build.0 = Debug|Any CPU
		{9FBAA1DC-F4C5-4C87-8B28-BCBD192C3AB7}.Debug|Any CPU.ActiveCfg = Debug|Any CPU
		{9FBAA1DC-F4C5-4C87-8B28-BCBD192C3AB7}.Debug|Any CPU.Build.0 = Debug|Any CPU
		{9FBAA1DC-F4C5-4C87-8B28-BCBD192C3AB7}.Debug|x64.ActiveCfg = Debug|Any CPU
		{9FBAA1DC-F4C5-4C87-8B28-BCBD192C3AB7}.Debug|x64.Build.0 = Debug|Any CPU
		{9FBAA1DC-F4C5-4C87-8B28-BCBD192C3AB7}.Debug|x86.ActiveCfg = Debug|Any CPU
		{9FBAA1DC-F4C5-4C87-8B28-BCBD192C3AB7}.Debug|x86.Build.0 = Debug|Any CPU
		{9FBAA1DC-F4C5-4C87-8B28-BCBD192C3AB7}.Release|Any CPU.ActiveCfg = Release|Any CPU
		{9FBAA1DC-F4C5-4C87-8B28-BCBD192C3AB7}.Release|Any CPU.Build.0 = Release|Any CPU
		{9FBAA1DC-F4C5-4C87-8B28-BCBD192C3AB7}.Release|x64.ActiveCfg = Release|Any CPU
		{9FBAA1DC-F4C5-4C87-8B28-BCBD192C3AB7}.Release|x64.Build.0 = Release|Any CPU
		{9FBAA1DC-F4C5-4C87-8B28-BCBD192C3AB7}.Release|x86.ActiveCfg = Release|Any CPU
		{9FBAA1DC-F4C5-4C87-8B28-BCBD192C3AB7}.Release|x86.Build.0 = Release|Any CPU
		{BB825D16-A855-4936-B9C0-49A1BE8DA887}.CheckIn|Any CPU.ActiveCfg = Debug|Any CPU
		{BB825D16-A855-4936-B9C0-49A1BE8DA887}.CheckIn|Any CPU.Build.0 = Debug|Any CPU
		{BB825D16-A855-4936-B9C0-49A1BE8DA887}.CheckIn|x64.ActiveCfg = Debug|Any CPU
		{BB825D16-A855-4936-B9C0-49A1BE8DA887}.CheckIn|x64.Build.0 = Debug|Any CPU
		{BB825D16-A855-4936-B9C0-49A1BE8DA887}.CheckIn|x86.ActiveCfg = Debug|Any CPU
		{BB825D16-A855-4936-B9C0-49A1BE8DA887}.CheckIn|x86.Build.0 = Debug|Any CPU
		{BB825D16-A855-4936-B9C0-49A1BE8DA887}.Debug|Any CPU.ActiveCfg = Debug|Any CPU
		{BB825D16-A855-4936-B9C0-49A1BE8DA887}.Debug|Any CPU.Build.0 = Debug|Any CPU
		{BB825D16-A855-4936-B9C0-49A1BE8DA887}.Debug|x64.ActiveCfg = Debug|Any CPU
		{BB825D16-A855-4936-B9C0-49A1BE8DA887}.Debug|x64.Build.0 = Debug|Any CPU
		{BB825D16-A855-4936-B9C0-49A1BE8DA887}.Debug|x86.ActiveCfg = Debug|Any CPU
		{BB825D16-A855-4936-B9C0-49A1BE8DA887}.Debug|x86.Build.0 = Debug|Any CPU
		{BB825D16-A855-4936-B9C0-49A1BE8DA887}.Release|Any CPU.ActiveCfg = Release|Any CPU
		{BB825D16-A855-4936-B9C0-49A1BE8DA887}.Release|Any CPU.Build.0 = Release|Any CPU
		{BB825D16-A855-4936-B9C0-49A1BE8DA887}.Release|x64.ActiveCfg = Release|Any CPU
		{BB825D16-A855-4936-B9C0-49A1BE8DA887}.Release|x64.Build.0 = Release|Any CPU
		{BB825D16-A855-4936-B9C0-49A1BE8DA887}.Release|x86.ActiveCfg = Release|Any CPU
		{BB825D16-A855-4936-B9C0-49A1BE8DA887}.Release|x86.Build.0 = Release|Any CPU
		{62DA7324-74EF-4129-A453-DDE40B86D04F}.CheckIn|Any CPU.ActiveCfg = Debug|Any CPU
		{62DA7324-74EF-4129-A453-DDE40B86D04F}.CheckIn|Any CPU.Build.0 = Debug|Any CPU
		{62DA7324-74EF-4129-A453-DDE40B86D04F}.CheckIn|x64.ActiveCfg = Debug|Any CPU
		{62DA7324-74EF-4129-A453-DDE40B86D04F}.CheckIn|x64.Build.0 = Debug|Any CPU
		{62DA7324-74EF-4129-A453-DDE40B86D04F}.CheckIn|x86.ActiveCfg = Debug|Any CPU
		{62DA7324-74EF-4129-A453-DDE40B86D04F}.CheckIn|x86.Build.0 = Debug|Any CPU
		{62DA7324-74EF-4129-A453-DDE40B86D04F}.Debug|Any CPU.ActiveCfg = Debug|Any CPU
		{62DA7324-74EF-4129-A453-DDE40B86D04F}.Debug|Any CPU.Build.0 = Debug|Any CPU
		{62DA7324-74EF-4129-A453-DDE40B86D04F}.Debug|x64.ActiveCfg = Debug|Any CPU
		{62DA7324-74EF-4129-A453-DDE40B86D04F}.Debug|x64.Build.0 = Debug|Any CPU
		{62DA7324-74EF-4129-A453-DDE40B86D04F}.Debug|x86.ActiveCfg = Debug|Any CPU
		{62DA7324-74EF-4129-A453-DDE40B86D04F}.Debug|x86.Build.0 = Debug|Any CPU
		{62DA7324-74EF-4129-A453-DDE40B86D04F}.Release|Any CPU.ActiveCfg = Release|Any CPU
		{62DA7324-74EF-4129-A453-DDE40B86D04F}.Release|Any CPU.Build.0 = Release|Any CPU
		{62DA7324-74EF-4129-A453-DDE40B86D04F}.Release|x64.ActiveCfg = Release|Any CPU
		{62DA7324-74EF-4129-A453-DDE40B86D04F}.Release|x64.Build.0 = Release|Any CPU
		{62DA7324-74EF-4129-A453-DDE40B86D04F}.Release|x86.ActiveCfg = Release|Any CPU
		{62DA7324-74EF-4129-A453-DDE40B86D04F}.Release|x86.Build.0 = Release|Any CPU
		{7DF847E6-FC99-49B7-BBDF-C29FDCE19D6B}.CheckIn|Any CPU.ActiveCfg = Debug|Any CPU
		{7DF847E6-FC99-49B7-BBDF-C29FDCE19D6B}.CheckIn|Any CPU.Build.0 = Debug|Any CPU
		{7DF847E6-FC99-49B7-BBDF-C29FDCE19D6B}.CheckIn|x64.ActiveCfg = Debug|Any CPU
		{7DF847E6-FC99-49B7-BBDF-C29FDCE19D6B}.CheckIn|x64.Build.0 = Debug|Any CPU
		{7DF847E6-FC99-49B7-BBDF-C29FDCE19D6B}.CheckIn|x86.ActiveCfg = Debug|Any CPU
		{7DF847E6-FC99-49B7-BBDF-C29FDCE19D6B}.CheckIn|x86.Build.0 = Debug|Any CPU
		{7DF847E6-FC99-49B7-BBDF-C29FDCE19D6B}.Debug|Any CPU.ActiveCfg = Debug|Any CPU
		{7DF847E6-FC99-49B7-BBDF-C29FDCE19D6B}.Debug|Any CPU.Build.0 = Debug|Any CPU
		{7DF847E6-FC99-49B7-BBDF-C29FDCE19D6B}.Debug|x64.ActiveCfg = Debug|Any CPU
		{7DF847E6-FC99-49B7-BBDF-C29FDCE19D6B}.Debug|x64.Build.0 = Debug|Any CPU
		{7DF847E6-FC99-49B7-BBDF-C29FDCE19D6B}.Debug|x86.ActiveCfg = Debug|Any CPU
		{7DF847E6-FC99-49B7-BBDF-C29FDCE19D6B}.Debug|x86.Build.0 = Debug|Any CPU
		{7DF847E6-FC99-49B7-BBDF-C29FDCE19D6B}.Release|Any CPU.ActiveCfg = Release|Any CPU
		{7DF847E6-FC99-49B7-BBDF-C29FDCE19D6B}.Release|Any CPU.Build.0 = Release|Any CPU
		{7DF847E6-FC99-49B7-BBDF-C29FDCE19D6B}.Release|x64.ActiveCfg = Release|Any CPU
		{7DF847E6-FC99-49B7-BBDF-C29FDCE19D6B}.Release|x64.Build.0 = Release|Any CPU
		{7DF847E6-FC99-49B7-BBDF-C29FDCE19D6B}.Release|x86.ActiveCfg = Release|Any CPU
		{7DF847E6-FC99-49B7-BBDF-C29FDCE19D6B}.Release|x86.Build.0 = Release|Any CPU
		{D8DD804F-4834-4FAA-A28E-45B7B39DD40C}.CheckIn|Any CPU.ActiveCfg = Debug|Any CPU
		{D8DD804F-4834-4FAA-A28E-45B7B39DD40C}.CheckIn|Any CPU.Build.0 = Debug|Any CPU
		{D8DD804F-4834-4FAA-A28E-45B7B39DD40C}.CheckIn|x64.ActiveCfg = Debug|Any CPU
		{D8DD804F-4834-4FAA-A28E-45B7B39DD40C}.CheckIn|x64.Build.0 = Debug|Any CPU
		{D8DD804F-4834-4FAA-A28E-45B7B39DD40C}.CheckIn|x86.ActiveCfg = Debug|Any CPU
		{D8DD804F-4834-4FAA-A28E-45B7B39DD40C}.CheckIn|x86.Build.0 = Debug|Any CPU
		{D8DD804F-4834-4FAA-A28E-45B7B39DD40C}.Debug|Any CPU.ActiveCfg = Debug|Any CPU
		{D8DD804F-4834-4FAA-A28E-45B7B39DD40C}.Debug|Any CPU.Build.0 = Debug|Any CPU
		{D8DD804F-4834-4FAA-A28E-45B7B39DD40C}.Debug|x64.ActiveCfg = Debug|Any CPU
		{D8DD804F-4834-4FAA-A28E-45B7B39DD40C}.Debug|x64.Build.0 = Debug|Any CPU
		{D8DD804F-4834-4FAA-A28E-45B7B39DD40C}.Debug|x86.ActiveCfg = Debug|Any CPU
		{D8DD804F-4834-4FAA-A28E-45B7B39DD40C}.Debug|x86.Build.0 = Debug|Any CPU
		{D8DD804F-4834-4FAA-A28E-45B7B39DD40C}.Release|Any CPU.ActiveCfg = Release|Any CPU
		{D8DD804F-4834-4FAA-A28E-45B7B39DD40C}.Release|Any CPU.Build.0 = Release|Any CPU
		{D8DD804F-4834-4FAA-A28E-45B7B39DD40C}.Release|x64.ActiveCfg = Release|Any CPU
		{D8DD804F-4834-4FAA-A28E-45B7B39DD40C}.Release|x64.Build.0 = Release|Any CPU
		{D8DD804F-4834-4FAA-A28E-45B7B39DD40C}.Release|x86.ActiveCfg = Release|Any CPU
		{D8DD804F-4834-4FAA-A28E-45B7B39DD40C}.Release|x86.Build.0 = Release|Any CPU
		{E32D04B6-6CF0-4329-96ED-586D4CF4526E}.CheckIn|Any CPU.ActiveCfg = Debug|Any CPU
		{E32D04B6-6CF0-4329-96ED-586D4CF4526E}.CheckIn|Any CPU.Build.0 = Debug|Any CPU
		{E32D04B6-6CF0-4329-96ED-586D4CF4526E}.CheckIn|x64.ActiveCfg = Debug|Any CPU
		{E32D04B6-6CF0-4329-96ED-586D4CF4526E}.CheckIn|x64.Build.0 = Debug|Any CPU
		{E32D04B6-6CF0-4329-96ED-586D4CF4526E}.CheckIn|x86.ActiveCfg = Debug|Any CPU
		{E32D04B6-6CF0-4329-96ED-586D4CF4526E}.CheckIn|x86.Build.0 = Debug|Any CPU
		{E32D04B6-6CF0-4329-96ED-586D4CF4526E}.Debug|Any CPU.ActiveCfg = Debug|Any CPU
		{E32D04B6-6CF0-4329-96ED-586D4CF4526E}.Debug|Any CPU.Build.0 = Debug|Any CPU
		{E32D04B6-6CF0-4329-96ED-586D4CF4526E}.Debug|x64.ActiveCfg = Debug|Any CPU
		{E32D04B6-6CF0-4329-96ED-586D4CF4526E}.Debug|x64.Build.0 = Debug|Any CPU
		{E32D04B6-6CF0-4329-96ED-586D4CF4526E}.Debug|x86.ActiveCfg = Debug|Any CPU
		{E32D04B6-6CF0-4329-96ED-586D4CF4526E}.Debug|x86.Build.0 = Debug|Any CPU
		{E32D04B6-6CF0-4329-96ED-586D4CF4526E}.Release|Any CPU.ActiveCfg = Release|Any CPU
		{E32D04B6-6CF0-4329-96ED-586D4CF4526E}.Release|Any CPU.Build.0 = Release|Any CPU
		{E32D04B6-6CF0-4329-96ED-586D4CF4526E}.Release|x64.ActiveCfg = Release|Any CPU
		{E32D04B6-6CF0-4329-96ED-586D4CF4526E}.Release|x64.Build.0 = Release|Any CPU
		{E32D04B6-6CF0-4329-96ED-586D4CF4526E}.Release|x86.ActiveCfg = Release|Any CPU
		{E32D04B6-6CF0-4329-96ED-586D4CF4526E}.Release|x86.Build.0 = Release|Any CPU
		{53E38954-BB18-43E3-966B-95AA1902F989}.CheckIn|Any CPU.ActiveCfg = Debug|Any CPU
		{53E38954-BB18-43E3-966B-95AA1902F989}.CheckIn|Any CPU.Build.0 = Debug|Any CPU
		{53E38954-BB18-43E3-966B-95AA1902F989}.CheckIn|x64.ActiveCfg = Debug|Any CPU
		{53E38954-BB18-43E3-966B-95AA1902F989}.CheckIn|x64.Build.0 = Debug|Any CPU
		{53E38954-BB18-43E3-966B-95AA1902F989}.CheckIn|x86.ActiveCfg = Debug|Any CPU
		{53E38954-BB18-43E3-966B-95AA1902F989}.CheckIn|x86.Build.0 = Debug|Any CPU
		{53E38954-BB18-43E3-966B-95AA1902F989}.Debug|Any CPU.ActiveCfg = Debug|Any CPU
		{53E38954-BB18-43E3-966B-95AA1902F989}.Debug|Any CPU.Build.0 = Debug|Any CPU
		{53E38954-BB18-43E3-966B-95AA1902F989}.Debug|x64.ActiveCfg = Debug|Any CPU
		{53E38954-BB18-43E3-966B-95AA1902F989}.Debug|x64.Build.0 = Debug|Any CPU
		{53E38954-BB18-43E3-966B-95AA1902F989}.Debug|x86.ActiveCfg = Debug|Any CPU
		{53E38954-BB18-43E3-966B-95AA1902F989}.Debug|x86.Build.0 = Debug|Any CPU
		{53E38954-BB18-43E3-966B-95AA1902F989}.Release|Any CPU.ActiveCfg = Release|Any CPU
		{53E38954-BB18-43E3-966B-95AA1902F989}.Release|Any CPU.Build.0 = Release|Any CPU
		{53E38954-BB18-43E3-966B-95AA1902F989}.Release|x64.ActiveCfg = Release|Any CPU
		{53E38954-BB18-43E3-966B-95AA1902F989}.Release|x64.Build.0 = Release|Any CPU
		{53E38954-BB18-43E3-966B-95AA1902F989}.Release|x86.ActiveCfg = Release|Any CPU
		{53E38954-BB18-43E3-966B-95AA1902F989}.Release|x86.Build.0 = Release|Any CPU
		{542460B5-EF76-4C4B-89CC-0A3B6DE7A779}.CheckIn|Any CPU.ActiveCfg = Debug|Any CPU
		{542460B5-EF76-4C4B-89CC-0A3B6DE7A779}.CheckIn|Any CPU.Build.0 = Debug|Any CPU
		{542460B5-EF76-4C4B-89CC-0A3B6DE7A779}.CheckIn|x64.ActiveCfg = Debug|Any CPU
		{542460B5-EF76-4C4B-89CC-0A3B6DE7A779}.CheckIn|x64.Build.0 = Debug|Any CPU
		{542460B5-EF76-4C4B-89CC-0A3B6DE7A779}.CheckIn|x86.ActiveCfg = Debug|Any CPU
		{542460B5-EF76-4C4B-89CC-0A3B6DE7A779}.CheckIn|x86.Build.0 = Debug|Any CPU
		{542460B5-EF76-4C4B-89CC-0A3B6DE7A779}.Debug|Any CPU.ActiveCfg = Debug|Any CPU
		{542460B5-EF76-4C4B-89CC-0A3B6DE7A779}.Debug|Any CPU.Build.0 = Debug|Any CPU
		{542460B5-EF76-4C4B-89CC-0A3B6DE7A779}.Debug|x64.ActiveCfg = Debug|Any CPU
		{542460B5-EF76-4C4B-89CC-0A3B6DE7A779}.Debug|x64.Build.0 = Debug|Any CPU
		{542460B5-EF76-4C4B-89CC-0A3B6DE7A779}.Debug|x86.ActiveCfg = Debug|Any CPU
		{542460B5-EF76-4C4B-89CC-0A3B6DE7A779}.Debug|x86.Build.0 = Debug|Any CPU
		{542460B5-EF76-4C4B-89CC-0A3B6DE7A779}.Release|Any CPU.ActiveCfg = Release|Any CPU
		{542460B5-EF76-4C4B-89CC-0A3B6DE7A779}.Release|Any CPU.Build.0 = Release|Any CPU
		{542460B5-EF76-4C4B-89CC-0A3B6DE7A779}.Release|x64.ActiveCfg = Release|Any CPU
		{542460B5-EF76-4C4B-89CC-0A3B6DE7A779}.Release|x64.Build.0 = Release|Any CPU
		{542460B5-EF76-4C4B-89CC-0A3B6DE7A779}.Release|x86.ActiveCfg = Release|Any CPU
		{542460B5-EF76-4C4B-89CC-0A3B6DE7A779}.Release|x86.Build.0 = Release|Any CPU
		{0D241723-7CD6-41CC-BAEA-7389B3A86F1A}.CheckIn|Any CPU.ActiveCfg = Debug|Any CPU
		{0D241723-7CD6-41CC-BAEA-7389B3A86F1A}.CheckIn|Any CPU.Build.0 = Debug|Any CPU
		{0D241723-7CD6-41CC-BAEA-7389B3A86F1A}.CheckIn|x64.ActiveCfg = Debug|Any CPU
		{0D241723-7CD6-41CC-BAEA-7389B3A86F1A}.CheckIn|x64.Build.0 = Debug|Any CPU
		{0D241723-7CD6-41CC-BAEA-7389B3A86F1A}.CheckIn|x86.ActiveCfg = Debug|Any CPU
		{0D241723-7CD6-41CC-BAEA-7389B3A86F1A}.CheckIn|x86.Build.0 = Debug|Any CPU
		{0D241723-7CD6-41CC-BAEA-7389B3A86F1A}.Debug|Any CPU.ActiveCfg = Debug|Any CPU
		{0D241723-7CD6-41CC-BAEA-7389B3A86F1A}.Debug|Any CPU.Build.0 = Debug|Any CPU
		{0D241723-7CD6-41CC-BAEA-7389B3A86F1A}.Debug|x64.ActiveCfg = Debug|Any CPU
		{0D241723-7CD6-41CC-BAEA-7389B3A86F1A}.Debug|x64.Build.0 = Debug|Any CPU
		{0D241723-7CD6-41CC-BAEA-7389B3A86F1A}.Debug|x86.ActiveCfg = Debug|Any CPU
		{0D241723-7CD6-41CC-BAEA-7389B3A86F1A}.Debug|x86.Build.0 = Debug|Any CPU
		{0D241723-7CD6-41CC-BAEA-7389B3A86F1A}.Release|Any CPU.ActiveCfg = Release|Any CPU
		{0D241723-7CD6-41CC-BAEA-7389B3A86F1A}.Release|Any CPU.Build.0 = Release|Any CPU
		{0D241723-7CD6-41CC-BAEA-7389B3A86F1A}.Release|x64.ActiveCfg = Release|Any CPU
		{0D241723-7CD6-41CC-BAEA-7389B3A86F1A}.Release|x64.Build.0 = Release|Any CPU
		{0D241723-7CD6-41CC-BAEA-7389B3A86F1A}.Release|x86.ActiveCfg = Release|Any CPU
		{0D241723-7CD6-41CC-BAEA-7389B3A86F1A}.Release|x86.Build.0 = Release|Any CPU
		{2A6D19E9-4F57-44BD-BC4D-1DE5D64BBA0F}.CheckIn|Any CPU.ActiveCfg = Debug|Any CPU
		{2A6D19E9-4F57-44BD-BC4D-1DE5D64BBA0F}.CheckIn|Any CPU.Build.0 = Debug|Any CPU
		{2A6D19E9-4F57-44BD-BC4D-1DE5D64BBA0F}.CheckIn|x64.ActiveCfg = Debug|Any CPU
		{2A6D19E9-4F57-44BD-BC4D-1DE5D64BBA0F}.CheckIn|x64.Build.0 = Debug|Any CPU
		{2A6D19E9-4F57-44BD-BC4D-1DE5D64BBA0F}.CheckIn|x86.ActiveCfg = Debug|Any CPU
		{2A6D19E9-4F57-44BD-BC4D-1DE5D64BBA0F}.CheckIn|x86.Build.0 = Debug|Any CPU
		{2A6D19E9-4F57-44BD-BC4D-1DE5D64BBA0F}.Debug|Any CPU.ActiveCfg = Debug|Any CPU
		{2A6D19E9-4F57-44BD-BC4D-1DE5D64BBA0F}.Debug|Any CPU.Build.0 = Debug|Any CPU
		{2A6D19E9-4F57-44BD-BC4D-1DE5D64BBA0F}.Debug|x64.ActiveCfg = Debug|Any CPU
		{2A6D19E9-4F57-44BD-BC4D-1DE5D64BBA0F}.Debug|x64.Build.0 = Debug|Any CPU
		{2A6D19E9-4F57-44BD-BC4D-1DE5D64BBA0F}.Debug|x86.ActiveCfg = Debug|Any CPU
		{2A6D19E9-4F57-44BD-BC4D-1DE5D64BBA0F}.Debug|x86.Build.0 = Debug|Any CPU
		{2A6D19E9-4F57-44BD-BC4D-1DE5D64BBA0F}.Release|Any CPU.ActiveCfg = Release|Any CPU
		{2A6D19E9-4F57-44BD-BC4D-1DE5D64BBA0F}.Release|Any CPU.Build.0 = Release|Any CPU
		{2A6D19E9-4F57-44BD-BC4D-1DE5D64BBA0F}.Release|x64.ActiveCfg = Release|Any CPU
		{2A6D19E9-4F57-44BD-BC4D-1DE5D64BBA0F}.Release|x64.Build.0 = Release|Any CPU
		{2A6D19E9-4F57-44BD-BC4D-1DE5D64BBA0F}.Release|x86.ActiveCfg = Release|Any CPU
		{2A6D19E9-4F57-44BD-BC4D-1DE5D64BBA0F}.Release|x86.Build.0 = Release|Any CPU
		{DCF56B22-EE1D-4FAC-98E4-2FFDE29B9A39}.CheckIn|Any CPU.ActiveCfg = Debug|Any CPU
		{DCF56B22-EE1D-4FAC-98E4-2FFDE29B9A39}.CheckIn|Any CPU.Build.0 = Debug|Any CPU
		{DCF56B22-EE1D-4FAC-98E4-2FFDE29B9A39}.CheckIn|x64.ActiveCfg = Debug|Any CPU
		{DCF56B22-EE1D-4FAC-98E4-2FFDE29B9A39}.CheckIn|x64.Build.0 = Debug|Any CPU
		{DCF56B22-EE1D-4FAC-98E4-2FFDE29B9A39}.CheckIn|x86.ActiveCfg = Debug|Any CPU
		{DCF56B22-EE1D-4FAC-98E4-2FFDE29B9A39}.CheckIn|x86.Build.0 = Debug|Any CPU
		{DCF56B22-EE1D-4FAC-98E4-2FFDE29B9A39}.Debug|Any CPU.ActiveCfg = Debug|Any CPU
		{DCF56B22-EE1D-4FAC-98E4-2FFDE29B9A39}.Debug|Any CPU.Build.0 = Debug|Any CPU
		{DCF56B22-EE1D-4FAC-98E4-2FFDE29B9A39}.Debug|x64.ActiveCfg = Debug|Any CPU
		{DCF56B22-EE1D-4FAC-98E4-2FFDE29B9A39}.Debug|x64.Build.0 = Debug|Any CPU
		{DCF56B22-EE1D-4FAC-98E4-2FFDE29B9A39}.Debug|x86.ActiveCfg = Debug|Any CPU
		{DCF56B22-EE1D-4FAC-98E4-2FFDE29B9A39}.Debug|x86.Build.0 = Debug|Any CPU
		{DCF56B22-EE1D-4FAC-98E4-2FFDE29B9A39}.Release|Any CPU.ActiveCfg = Release|Any CPU
		{DCF56B22-EE1D-4FAC-98E4-2FFDE29B9A39}.Release|Any CPU.Build.0 = Release|Any CPU
		{DCF56B22-EE1D-4FAC-98E4-2FFDE29B9A39}.Release|x64.ActiveCfg = Release|Any CPU
		{DCF56B22-EE1D-4FAC-98E4-2FFDE29B9A39}.Release|x64.Build.0 = Release|Any CPU
		{DCF56B22-EE1D-4FAC-98E4-2FFDE29B9A39}.Release|x86.ActiveCfg = Release|Any CPU
		{DCF56B22-EE1D-4FAC-98E4-2FFDE29B9A39}.Release|x86.Build.0 = Release|Any CPU
		{CAB7F1EA-9E55-493D-9102-A8FB9FD86DA3}.CheckIn|Any CPU.ActiveCfg = Debug|Any CPU
		{CAB7F1EA-9E55-493D-9102-A8FB9FD86DA3}.CheckIn|Any CPU.Build.0 = Debug|Any CPU
		{CAB7F1EA-9E55-493D-9102-A8FB9FD86DA3}.CheckIn|x64.ActiveCfg = Debug|Any CPU
		{CAB7F1EA-9E55-493D-9102-A8FB9FD86DA3}.CheckIn|x64.Build.0 = Debug|Any CPU
		{CAB7F1EA-9E55-493D-9102-A8FB9FD86DA3}.CheckIn|x86.ActiveCfg = Debug|Any CPU
		{CAB7F1EA-9E55-493D-9102-A8FB9FD86DA3}.CheckIn|x86.Build.0 = Debug|Any CPU
		{CAB7F1EA-9E55-493D-9102-A8FB9FD86DA3}.Debug|Any CPU.ActiveCfg = Debug|Any CPU
		{CAB7F1EA-9E55-493D-9102-A8FB9FD86DA3}.Debug|Any CPU.Build.0 = Debug|Any CPU
		{CAB7F1EA-9E55-493D-9102-A8FB9FD86DA3}.Debug|x64.ActiveCfg = Debug|Any CPU
		{CAB7F1EA-9E55-493D-9102-A8FB9FD86DA3}.Debug|x64.Build.0 = Debug|Any CPU
		{CAB7F1EA-9E55-493D-9102-A8FB9FD86DA3}.Debug|x86.ActiveCfg = Debug|Any CPU
		{CAB7F1EA-9E55-493D-9102-A8FB9FD86DA3}.Debug|x86.Build.0 = Debug|Any CPU
		{CAB7F1EA-9E55-493D-9102-A8FB9FD86DA3}.Release|Any CPU.ActiveCfg = Release|Any CPU
		{CAB7F1EA-9E55-493D-9102-A8FB9FD86DA3}.Release|Any CPU.Build.0 = Release|Any CPU
		{CAB7F1EA-9E55-493D-9102-A8FB9FD86DA3}.Release|x64.ActiveCfg = Release|Any CPU
		{CAB7F1EA-9E55-493D-9102-A8FB9FD86DA3}.Release|x64.Build.0 = Release|Any CPU
		{CAB7F1EA-9E55-493D-9102-A8FB9FD86DA3}.Release|x86.ActiveCfg = Release|Any CPU
		{CAB7F1EA-9E55-493D-9102-A8FB9FD86DA3}.Release|x86.Build.0 = Release|Any CPU
		{2B3CE58B-6A5F-413A-A525-E4E35D0A5CFB}.CheckIn|Any CPU.ActiveCfg = Debug|Any CPU
		{2B3CE58B-6A5F-413A-A525-E4E35D0A5CFB}.CheckIn|Any CPU.Build.0 = Debug|Any CPU
		{2B3CE58B-6A5F-413A-A525-E4E35D0A5CFB}.CheckIn|x64.ActiveCfg = Debug|Any CPU
		{2B3CE58B-6A5F-413A-A525-E4E35D0A5CFB}.CheckIn|x64.Build.0 = Debug|Any CPU
		{2B3CE58B-6A5F-413A-A525-E4E35D0A5CFB}.CheckIn|x86.ActiveCfg = Debug|Any CPU
		{2B3CE58B-6A5F-413A-A525-E4E35D0A5CFB}.CheckIn|x86.Build.0 = Debug|Any CPU
		{2B3CE58B-6A5F-413A-A525-E4E35D0A5CFB}.Debug|Any CPU.ActiveCfg = Debug|Any CPU
		{2B3CE58B-6A5F-413A-A525-E4E35D0A5CFB}.Debug|Any CPU.Build.0 = Debug|Any CPU
		{2B3CE58B-6A5F-413A-A525-E4E35D0A5CFB}.Debug|x64.ActiveCfg = Debug|Any CPU
		{2B3CE58B-6A5F-413A-A525-E4E35D0A5CFB}.Debug|x64.Build.0 = Debug|Any CPU
		{2B3CE58B-6A5F-413A-A525-E4E35D0A5CFB}.Debug|x86.ActiveCfg = Debug|Any CPU
		{2B3CE58B-6A5F-413A-A525-E4E35D0A5CFB}.Debug|x86.Build.0 = Debug|Any CPU
		{2B3CE58B-6A5F-413A-A525-E4E35D0A5CFB}.Release|Any CPU.ActiveCfg = Release|Any CPU
		{2B3CE58B-6A5F-413A-A525-E4E35D0A5CFB}.Release|Any CPU.Build.0 = Release|Any CPU
		{2B3CE58B-6A5F-413A-A525-E4E35D0A5CFB}.Release|x64.ActiveCfg = Release|Any CPU
		{2B3CE58B-6A5F-413A-A525-E4E35D0A5CFB}.Release|x64.Build.0 = Release|Any CPU
		{2B3CE58B-6A5F-413A-A525-E4E35D0A5CFB}.Release|x86.ActiveCfg = Release|Any CPU
		{2B3CE58B-6A5F-413A-A525-E4E35D0A5CFB}.Release|x86.Build.0 = Release|Any CPU
		{55A69CF3-A318-40BB-AF45-EB40744353DB}.CheckIn|Any CPU.ActiveCfg = Debug|Any CPU
		{55A69CF3-A318-40BB-AF45-EB40744353DB}.CheckIn|Any CPU.Build.0 = Debug|Any CPU
		{55A69CF3-A318-40BB-AF45-EB40744353DB}.CheckIn|x64.ActiveCfg = Debug|Any CPU
		{55A69CF3-A318-40BB-AF45-EB40744353DB}.CheckIn|x64.Build.0 = Debug|Any CPU
		{55A69CF3-A318-40BB-AF45-EB40744353DB}.CheckIn|x86.ActiveCfg = Debug|Any CPU
		{55A69CF3-A318-40BB-AF45-EB40744353DB}.CheckIn|x86.Build.0 = Debug|Any CPU
		{55A69CF3-A318-40BB-AF45-EB40744353DB}.Debug|Any CPU.ActiveCfg = Debug|Any CPU
		{55A69CF3-A318-40BB-AF45-EB40744353DB}.Debug|Any CPU.Build.0 = Debug|Any CPU
		{55A69CF3-A318-40BB-AF45-EB40744353DB}.Debug|x64.ActiveCfg = Debug|Any CPU
		{55A69CF3-A318-40BB-AF45-EB40744353DB}.Debug|x64.Build.0 = Debug|Any CPU
		{55A69CF3-A318-40BB-AF45-EB40744353DB}.Debug|x86.ActiveCfg = Debug|Any CPU
		{55A69CF3-A318-40BB-AF45-EB40744353DB}.Debug|x86.Build.0 = Debug|Any CPU
		{55A69CF3-A318-40BB-AF45-EB40744353DB}.Release|Any CPU.ActiveCfg = Release|Any CPU
		{55A69CF3-A318-40BB-AF45-EB40744353DB}.Release|Any CPU.Build.0 = Release|Any CPU
		{55A69CF3-A318-40BB-AF45-EB40744353DB}.Release|x64.ActiveCfg = Release|Any CPU
		{55A69CF3-A318-40BB-AF45-EB40744353DB}.Release|x64.Build.0 = Release|Any CPU
		{55A69CF3-A318-40BB-AF45-EB40744353DB}.Release|x86.ActiveCfg = Release|Any CPU
		{55A69CF3-A318-40BB-AF45-EB40744353DB}.Release|x86.Build.0 = Release|Any CPU
		{DF9A02EA-BEEE-47AF-8C46-48B42B0F568C}.CheckIn|Any CPU.ActiveCfg = Debug|Any CPU
		{DF9A02EA-BEEE-47AF-8C46-48B42B0F568C}.CheckIn|Any CPU.Build.0 = Debug|Any CPU
		{DF9A02EA-BEEE-47AF-8C46-48B42B0F568C}.CheckIn|x64.ActiveCfg = Debug|Any CPU
		{DF9A02EA-BEEE-47AF-8C46-48B42B0F568C}.CheckIn|x64.Build.0 = Debug|Any CPU
		{DF9A02EA-BEEE-47AF-8C46-48B42B0F568C}.CheckIn|x86.ActiveCfg = Debug|Any CPU
		{DF9A02EA-BEEE-47AF-8C46-48B42B0F568C}.CheckIn|x86.Build.0 = Debug|Any CPU
		{DF9A02EA-BEEE-47AF-8C46-48B42B0F568C}.Debug|Any CPU.ActiveCfg = Debug|Any CPU
		{DF9A02EA-BEEE-47AF-8C46-48B42B0F568C}.Debug|Any CPU.Build.0 = Debug|Any CPU
		{DF9A02EA-BEEE-47AF-8C46-48B42B0F568C}.Debug|x64.ActiveCfg = Debug|Any CPU
		{DF9A02EA-BEEE-47AF-8C46-48B42B0F568C}.Debug|x64.Build.0 = Debug|Any CPU
		{DF9A02EA-BEEE-47AF-8C46-48B42B0F568C}.Debug|x86.ActiveCfg = Debug|Any CPU
		{DF9A02EA-BEEE-47AF-8C46-48B42B0F568C}.Debug|x86.Build.0 = Debug|Any CPU
		{DF9A02EA-BEEE-47AF-8C46-48B42B0F568C}.Release|Any CPU.ActiveCfg = Release|Any CPU
		{DF9A02EA-BEEE-47AF-8C46-48B42B0F568C}.Release|Any CPU.Build.0 = Release|Any CPU
		{DF9A02EA-BEEE-47AF-8C46-48B42B0F568C}.Release|x64.ActiveCfg = Release|Any CPU
		{DF9A02EA-BEEE-47AF-8C46-48B42B0F568C}.Release|x64.Build.0 = Release|Any CPU
		{DF9A02EA-BEEE-47AF-8C46-48B42B0F568C}.Release|x86.ActiveCfg = Release|Any CPU
		{DF9A02EA-BEEE-47AF-8C46-48B42B0F568C}.Release|x86.Build.0 = Release|Any CPU
		{02A5B8F7-3474-43F8-BC3A-90EF911D2CEF}.CheckIn|Any CPU.ActiveCfg = Debug|Any CPU
		{02A5B8F7-3474-43F8-BC3A-90EF911D2CEF}.CheckIn|Any CPU.Build.0 = Debug|Any CPU
		{02A5B8F7-3474-43F8-BC3A-90EF911D2CEF}.CheckIn|x64.ActiveCfg = Debug|Any CPU
		{02A5B8F7-3474-43F8-BC3A-90EF911D2CEF}.CheckIn|x64.Build.0 = Debug|Any CPU
		{02A5B8F7-3474-43F8-BC3A-90EF911D2CEF}.CheckIn|x86.ActiveCfg = Debug|Any CPU
		{02A5B8F7-3474-43F8-BC3A-90EF911D2CEF}.CheckIn|x86.Build.0 = Debug|Any CPU
		{02A5B8F7-3474-43F8-BC3A-90EF911D2CEF}.Debug|Any CPU.ActiveCfg = Debug|Any CPU
		{02A5B8F7-3474-43F8-BC3A-90EF911D2CEF}.Debug|Any CPU.Build.0 = Debug|Any CPU
		{02A5B8F7-3474-43F8-BC3A-90EF911D2CEF}.Debug|x64.ActiveCfg = Debug|Any CPU
		{02A5B8F7-3474-43F8-BC3A-90EF911D2CEF}.Debug|x64.Build.0 = Debug|Any CPU
		{02A5B8F7-3474-43F8-BC3A-90EF911D2CEF}.Debug|x86.ActiveCfg = Debug|Any CPU
		{02A5B8F7-3474-43F8-BC3A-90EF911D2CEF}.Debug|x86.Build.0 = Debug|Any CPU
		{02A5B8F7-3474-43F8-BC3A-90EF911D2CEF}.Release|Any CPU.ActiveCfg = Release|Any CPU
		{02A5B8F7-3474-43F8-BC3A-90EF911D2CEF}.Release|Any CPU.Build.0 = Release|Any CPU
		{02A5B8F7-3474-43F8-BC3A-90EF911D2CEF}.Release|x64.ActiveCfg = Release|Any CPU
		{02A5B8F7-3474-43F8-BC3A-90EF911D2CEF}.Release|x64.Build.0 = Release|Any CPU
		{02A5B8F7-3474-43F8-BC3A-90EF911D2CEF}.Release|x86.ActiveCfg = Release|Any CPU
		{02A5B8F7-3474-43F8-BC3A-90EF911D2CEF}.Release|x86.Build.0 = Release|Any CPU
		{B7A635B2-658B-429F-9D5C-4295EDEF6CF1}.CheckIn|Any CPU.ActiveCfg = Debug|Any CPU
		{B7A635B2-658B-429F-9D5C-4295EDEF6CF1}.CheckIn|Any CPU.Build.0 = Debug|Any CPU
		{B7A635B2-658B-429F-9D5C-4295EDEF6CF1}.CheckIn|x64.ActiveCfg = Debug|Any CPU
		{B7A635B2-658B-429F-9D5C-4295EDEF6CF1}.CheckIn|x64.Build.0 = Debug|Any CPU
		{B7A635B2-658B-429F-9D5C-4295EDEF6CF1}.CheckIn|x86.ActiveCfg = Debug|Any CPU
		{B7A635B2-658B-429F-9D5C-4295EDEF6CF1}.CheckIn|x86.Build.0 = Debug|Any CPU
		{B7A635B2-658B-429F-9D5C-4295EDEF6CF1}.Debug|Any CPU.ActiveCfg = Debug|Any CPU
		{B7A635B2-658B-429F-9D5C-4295EDEF6CF1}.Debug|Any CPU.Build.0 = Debug|Any CPU
		{B7A635B2-658B-429F-9D5C-4295EDEF6CF1}.Debug|x64.ActiveCfg = Debug|Any CPU
		{B7A635B2-658B-429F-9D5C-4295EDEF6CF1}.Debug|x64.Build.0 = Debug|Any CPU
		{B7A635B2-658B-429F-9D5C-4295EDEF6CF1}.Debug|x86.ActiveCfg = Debug|Any CPU
		{B7A635B2-658B-429F-9D5C-4295EDEF6CF1}.Debug|x86.Build.0 = Debug|Any CPU
		{B7A635B2-658B-429F-9D5C-4295EDEF6CF1}.Release|Any CPU.ActiveCfg = Release|Any CPU
		{B7A635B2-658B-429F-9D5C-4295EDEF6CF1}.Release|Any CPU.Build.0 = Release|Any CPU
		{B7A635B2-658B-429F-9D5C-4295EDEF6CF1}.Release|x64.ActiveCfg = Release|Any CPU
		{B7A635B2-658B-429F-9D5C-4295EDEF6CF1}.Release|x64.Build.0 = Release|Any CPU
		{B7A635B2-658B-429F-9D5C-4295EDEF6CF1}.Release|x86.ActiveCfg = Release|Any CPU
		{B7A635B2-658B-429F-9D5C-4295EDEF6CF1}.Release|x86.Build.0 = Release|Any CPU
		{3DCA0170-1B24-49EB-A203-A03AD84A09D8}.CheckIn|Any CPU.ActiveCfg = Debug|Any CPU
		{3DCA0170-1B24-49EB-A203-A03AD84A09D8}.CheckIn|Any CPU.Build.0 = Debug|Any CPU
		{3DCA0170-1B24-49EB-A203-A03AD84A09D8}.CheckIn|x64.ActiveCfg = Debug|Any CPU
		{3DCA0170-1B24-49EB-A203-A03AD84A09D8}.CheckIn|x64.Build.0 = Debug|Any CPU
		{3DCA0170-1B24-49EB-A203-A03AD84A09D8}.CheckIn|x86.ActiveCfg = Debug|Any CPU
		{3DCA0170-1B24-49EB-A203-A03AD84A09D8}.CheckIn|x86.Build.0 = Debug|Any CPU
		{3DCA0170-1B24-49EB-A203-A03AD84A09D8}.Debug|Any CPU.ActiveCfg = Debug|Any CPU
		{3DCA0170-1B24-49EB-A203-A03AD84A09D8}.Debug|Any CPU.Build.0 = Debug|Any CPU
		{3DCA0170-1B24-49EB-A203-A03AD84A09D8}.Debug|x64.ActiveCfg = Debug|Any CPU
		{3DCA0170-1B24-49EB-A203-A03AD84A09D8}.Debug|x64.Build.0 = Debug|Any CPU
		{3DCA0170-1B24-49EB-A203-A03AD84A09D8}.Debug|x86.ActiveCfg = Debug|Any CPU
		{3DCA0170-1B24-49EB-A203-A03AD84A09D8}.Debug|x86.Build.0 = Debug|Any CPU
		{3DCA0170-1B24-49EB-A203-A03AD84A09D8}.Release|Any CPU.ActiveCfg = Release|Any CPU
		{3DCA0170-1B24-49EB-A203-A03AD84A09D8}.Release|Any CPU.Build.0 = Release|Any CPU
		{3DCA0170-1B24-49EB-A203-A03AD84A09D8}.Release|x64.ActiveCfg = Release|Any CPU
		{3DCA0170-1B24-49EB-A203-A03AD84A09D8}.Release|x64.Build.0 = Release|Any CPU
		{3DCA0170-1B24-49EB-A203-A03AD84A09D8}.Release|x86.ActiveCfg = Release|Any CPU
		{3DCA0170-1B24-49EB-A203-A03AD84A09D8}.Release|x86.Build.0 = Release|Any CPU
		{8036DDC7-DE7F-40A9-879E-C49E4FF9B0F0}.CheckIn|Any CPU.ActiveCfg = Debug|Any CPU
		{8036DDC7-DE7F-40A9-879E-C49E4FF9B0F0}.CheckIn|Any CPU.Build.0 = Debug|Any CPU
		{8036DDC7-DE7F-40A9-879E-C49E4FF9B0F0}.CheckIn|x64.ActiveCfg = Debug|Any CPU
		{8036DDC7-DE7F-40A9-879E-C49E4FF9B0F0}.CheckIn|x64.Build.0 = Debug|Any CPU
		{8036DDC7-DE7F-40A9-879E-C49E4FF9B0F0}.CheckIn|x86.ActiveCfg = Debug|Any CPU
		{8036DDC7-DE7F-40A9-879E-C49E4FF9B0F0}.CheckIn|x86.Build.0 = Debug|Any CPU
		{8036DDC7-DE7F-40A9-879E-C49E4FF9B0F0}.Debug|Any CPU.ActiveCfg = Debug|Any CPU
		{8036DDC7-DE7F-40A9-879E-C49E4FF9B0F0}.Debug|Any CPU.Build.0 = Debug|Any CPU
		{8036DDC7-DE7F-40A9-879E-C49E4FF9B0F0}.Debug|x64.ActiveCfg = Debug|Any CPU
		{8036DDC7-DE7F-40A9-879E-C49E4FF9B0F0}.Debug|x64.Build.0 = Debug|Any CPU
		{8036DDC7-DE7F-40A9-879E-C49E4FF9B0F0}.Debug|x86.ActiveCfg = Debug|Any CPU
		{8036DDC7-DE7F-40A9-879E-C49E4FF9B0F0}.Debug|x86.Build.0 = Debug|Any CPU
		{8036DDC7-DE7F-40A9-879E-C49E4FF9B0F0}.Release|Any CPU.ActiveCfg = Release|Any CPU
		{8036DDC7-DE7F-40A9-879E-C49E4FF9B0F0}.Release|Any CPU.Build.0 = Release|Any CPU
		{8036DDC7-DE7F-40A9-879E-C49E4FF9B0F0}.Release|x64.ActiveCfg = Release|Any CPU
		{8036DDC7-DE7F-40A9-879E-C49E4FF9B0F0}.Release|x64.Build.0 = Release|Any CPU
		{8036DDC7-DE7F-40A9-879E-C49E4FF9B0F0}.Release|x86.ActiveCfg = Release|Any CPU
		{8036DDC7-DE7F-40A9-879E-C49E4FF9B0F0}.Release|x86.Build.0 = Release|Any CPU
		{4310B691-5DB9-4CE0-8567-308D05F6DA6F}.CheckIn|Any CPU.ActiveCfg = Debug|Any CPU
		{4310B691-5DB9-4CE0-8567-308D05F6DA6F}.CheckIn|Any CPU.Build.0 = Debug|Any CPU
		{4310B691-5DB9-4CE0-8567-308D05F6DA6F}.CheckIn|x64.ActiveCfg = Debug|Any CPU
		{4310B691-5DB9-4CE0-8567-308D05F6DA6F}.CheckIn|x64.Build.0 = Debug|Any CPU
		{4310B691-5DB9-4CE0-8567-308D05F6DA6F}.CheckIn|x86.ActiveCfg = Debug|Any CPU
		{4310B691-5DB9-4CE0-8567-308D05F6DA6F}.CheckIn|x86.Build.0 = Debug|Any CPU
		{4310B691-5DB9-4CE0-8567-308D05F6DA6F}.Debug|Any CPU.ActiveCfg = Debug|Any CPU
		{4310B691-5DB9-4CE0-8567-308D05F6DA6F}.Debug|Any CPU.Build.0 = Debug|Any CPU
		{4310B691-5DB9-4CE0-8567-308D05F6DA6F}.Debug|x64.ActiveCfg = Debug|Any CPU
		{4310B691-5DB9-4CE0-8567-308D05F6DA6F}.Debug|x64.Build.0 = Debug|Any CPU
		{4310B691-5DB9-4CE0-8567-308D05F6DA6F}.Debug|x86.ActiveCfg = Debug|Any CPU
		{4310B691-5DB9-4CE0-8567-308D05F6DA6F}.Debug|x86.Build.0 = Debug|Any CPU
		{4310B691-5DB9-4CE0-8567-308D05F6DA6F}.Release|Any CPU.ActiveCfg = Release|Any CPU
		{4310B691-5DB9-4CE0-8567-308D05F6DA6F}.Release|Any CPU.Build.0 = Release|Any CPU
		{4310B691-5DB9-4CE0-8567-308D05F6DA6F}.Release|x64.ActiveCfg = Release|Any CPU
		{4310B691-5DB9-4CE0-8567-308D05F6DA6F}.Release|x64.Build.0 = Release|Any CPU
		{4310B691-5DB9-4CE0-8567-308D05F6DA6F}.Release|x86.ActiveCfg = Release|Any CPU
		{4310B691-5DB9-4CE0-8567-308D05F6DA6F}.Release|x86.Build.0 = Release|Any CPU
		{8D016F12-BF23-433B-85B6-8BE0EC407BB1}.CheckIn|Any CPU.ActiveCfg = Debug|Any CPU
		{8D016F12-BF23-433B-85B6-8BE0EC407BB1}.CheckIn|Any CPU.Build.0 = Debug|Any CPU
		{8D016F12-BF23-433B-85B6-8BE0EC407BB1}.CheckIn|x64.ActiveCfg = Debug|Any CPU
		{8D016F12-BF23-433B-85B6-8BE0EC407BB1}.CheckIn|x64.Build.0 = Debug|Any CPU
		{8D016F12-BF23-433B-85B6-8BE0EC407BB1}.CheckIn|x86.ActiveCfg = Debug|Any CPU
		{8D016F12-BF23-433B-85B6-8BE0EC407BB1}.CheckIn|x86.Build.0 = Debug|Any CPU
		{8D016F12-BF23-433B-85B6-8BE0EC407BB1}.Debug|Any CPU.ActiveCfg = Debug|Any CPU
		{8D016F12-BF23-433B-85B6-8BE0EC407BB1}.Debug|Any CPU.Build.0 = Debug|Any CPU
		{8D016F12-BF23-433B-85B6-8BE0EC407BB1}.Debug|x64.ActiveCfg = Debug|Any CPU
		{8D016F12-BF23-433B-85B6-8BE0EC407BB1}.Debug|x64.Build.0 = Debug|Any CPU
		{8D016F12-BF23-433B-85B6-8BE0EC407BB1}.Debug|x86.ActiveCfg = Debug|Any CPU
		{8D016F12-BF23-433B-85B6-8BE0EC407BB1}.Debug|x86.Build.0 = Debug|Any CPU
		{8D016F12-BF23-433B-85B6-8BE0EC407BB1}.Release|Any CPU.ActiveCfg = Release|Any CPU
		{8D016F12-BF23-433B-85B6-8BE0EC407BB1}.Release|Any CPU.Build.0 = Release|Any CPU
		{8D016F12-BF23-433B-85B6-8BE0EC407BB1}.Release|x64.ActiveCfg = Release|Any CPU
		{8D016F12-BF23-433B-85B6-8BE0EC407BB1}.Release|x64.Build.0 = Release|Any CPU
		{8D016F12-BF23-433B-85B6-8BE0EC407BB1}.Release|x86.ActiveCfg = Release|Any CPU
		{8D016F12-BF23-433B-85B6-8BE0EC407BB1}.Release|x86.Build.0 = Release|Any CPU
		{ACBD56B7-D020-4A52-9A7C-59A210EC7CB2}.CheckIn|Any CPU.ActiveCfg = Debug|Any CPU
		{ACBD56B7-D020-4A52-9A7C-59A210EC7CB2}.CheckIn|Any CPU.Build.0 = Debug|Any CPU
		{ACBD56B7-D020-4A52-9A7C-59A210EC7CB2}.CheckIn|x64.ActiveCfg = Debug|Any CPU
		{ACBD56B7-D020-4A52-9A7C-59A210EC7CB2}.CheckIn|x64.Build.0 = Debug|Any CPU
		{ACBD56B7-D020-4A52-9A7C-59A210EC7CB2}.CheckIn|x86.ActiveCfg = Debug|Any CPU
		{ACBD56B7-D020-4A52-9A7C-59A210EC7CB2}.CheckIn|x86.Build.0 = Debug|Any CPU
		{ACBD56B7-D020-4A52-9A7C-59A210EC7CB2}.Debug|Any CPU.ActiveCfg = Debug|Any CPU
		{ACBD56B7-D020-4A52-9A7C-59A210EC7CB2}.Debug|Any CPU.Build.0 = Debug|Any CPU
		{ACBD56B7-D020-4A52-9A7C-59A210EC7CB2}.Debug|x64.ActiveCfg = Debug|Any CPU
		{ACBD56B7-D020-4A52-9A7C-59A210EC7CB2}.Debug|x64.Build.0 = Debug|Any CPU
		{ACBD56B7-D020-4A52-9A7C-59A210EC7CB2}.Debug|x86.ActiveCfg = Debug|Any CPU
		{ACBD56B7-D020-4A52-9A7C-59A210EC7CB2}.Debug|x86.Build.0 = Debug|Any CPU
		{ACBD56B7-D020-4A52-9A7C-59A210EC7CB2}.Release|Any CPU.ActiveCfg = Release|Any CPU
		{ACBD56B7-D020-4A52-9A7C-59A210EC7CB2}.Release|Any CPU.Build.0 = Release|Any CPU
		{ACBD56B7-D020-4A52-9A7C-59A210EC7CB2}.Release|x64.ActiveCfg = Release|Any CPU
		{ACBD56B7-D020-4A52-9A7C-59A210EC7CB2}.Release|x64.Build.0 = Release|Any CPU
		{ACBD56B7-D020-4A52-9A7C-59A210EC7CB2}.Release|x86.ActiveCfg = Release|Any CPU
		{ACBD56B7-D020-4A52-9A7C-59A210EC7CB2}.Release|x86.Build.0 = Release|Any CPU
		{26856AFA-4128-4422-8AF3-BB057A518A70}.CheckIn|Any CPU.ActiveCfg = Debug|Any CPU
		{26856AFA-4128-4422-8AF3-BB057A518A70}.CheckIn|Any CPU.Build.0 = Debug|Any CPU
		{26856AFA-4128-4422-8AF3-BB057A518A70}.CheckIn|x64.ActiveCfg = Debug|Any CPU
		{26856AFA-4128-4422-8AF3-BB057A518A70}.CheckIn|x64.Build.0 = Debug|Any CPU
		{26856AFA-4128-4422-8AF3-BB057A518A70}.CheckIn|x86.ActiveCfg = Debug|Any CPU
		{26856AFA-4128-4422-8AF3-BB057A518A70}.CheckIn|x86.Build.0 = Debug|Any CPU
		{26856AFA-4128-4422-8AF3-BB057A518A70}.Debug|Any CPU.ActiveCfg = Debug|Any CPU
		{26856AFA-4128-4422-8AF3-BB057A518A70}.Debug|Any CPU.Build.0 = Debug|Any CPU
		{26856AFA-4128-4422-8AF3-BB057A518A70}.Debug|x64.ActiveCfg = Debug|Any CPU
		{26856AFA-4128-4422-8AF3-BB057A518A70}.Debug|x64.Build.0 = Debug|Any CPU
		{26856AFA-4128-4422-8AF3-BB057A518A70}.Debug|x86.ActiveCfg = Debug|Any CPU
		{26856AFA-4128-4422-8AF3-BB057A518A70}.Debug|x86.Build.0 = Debug|Any CPU
		{26856AFA-4128-4422-8AF3-BB057A518A70}.Release|Any CPU.ActiveCfg = Release|Any CPU
		{26856AFA-4128-4422-8AF3-BB057A518A70}.Release|Any CPU.Build.0 = Release|Any CPU
		{26856AFA-4128-4422-8AF3-BB057A518A70}.Release|x64.ActiveCfg = Release|Any CPU
		{26856AFA-4128-4422-8AF3-BB057A518A70}.Release|x64.Build.0 = Release|Any CPU
		{26856AFA-4128-4422-8AF3-BB057A518A70}.Release|x86.ActiveCfg = Release|Any CPU
		{26856AFA-4128-4422-8AF3-BB057A518A70}.Release|x86.Build.0 = Release|Any CPU
		{1925141F-B69A-4E77-B9BD-927C5E3A3294}.CheckIn|Any CPU.ActiveCfg = Debug|Any CPU
		{1925141F-B69A-4E77-B9BD-927C5E3A3294}.CheckIn|Any CPU.Build.0 = Debug|Any CPU
		{1925141F-B69A-4E77-B9BD-927C5E3A3294}.CheckIn|x64.ActiveCfg = Debug|Any CPU
		{1925141F-B69A-4E77-B9BD-927C5E3A3294}.CheckIn|x64.Build.0 = Debug|Any CPU
		{1925141F-B69A-4E77-B9BD-927C5E3A3294}.CheckIn|x86.ActiveCfg = Debug|Any CPU
		{1925141F-B69A-4E77-B9BD-927C5E3A3294}.CheckIn|x86.Build.0 = Debug|Any CPU
		{1925141F-B69A-4E77-B9BD-927C5E3A3294}.Debug|Any CPU.ActiveCfg = Debug|Any CPU
		{1925141F-B69A-4E77-B9BD-927C5E3A3294}.Debug|Any CPU.Build.0 = Debug|Any CPU
		{1925141F-B69A-4E77-B9BD-927C5E3A3294}.Debug|x64.ActiveCfg = Debug|Any CPU
		{1925141F-B69A-4E77-B9BD-927C5E3A3294}.Debug|x64.Build.0 = Debug|Any CPU
		{1925141F-B69A-4E77-B9BD-927C5E3A3294}.Debug|x86.ActiveCfg = Debug|Any CPU
		{1925141F-B69A-4E77-B9BD-927C5E3A3294}.Debug|x86.Build.0 = Debug|Any CPU
		{1925141F-B69A-4E77-B9BD-927C5E3A3294}.Release|Any CPU.ActiveCfg = Release|Any CPU
		{1925141F-B69A-4E77-B9BD-927C5E3A3294}.Release|Any CPU.Build.0 = Release|Any CPU
		{1925141F-B69A-4E77-B9BD-927C5E3A3294}.Release|x64.ActiveCfg = Release|Any CPU
		{1925141F-B69A-4E77-B9BD-927C5E3A3294}.Release|x64.Build.0 = Release|Any CPU
		{1925141F-B69A-4E77-B9BD-927C5E3A3294}.Release|x86.ActiveCfg = Release|Any CPU
		{1925141F-B69A-4E77-B9BD-927C5E3A3294}.Release|x86.Build.0 = Release|Any CPU
		{0B4DC724-7305-4BA5-9429-FCEC11AEA336}.CheckIn|Any CPU.ActiveCfg = Debug|Any CPU
		{0B4DC724-7305-4BA5-9429-FCEC11AEA336}.CheckIn|Any CPU.Build.0 = Debug|Any CPU
		{0B4DC724-7305-4BA5-9429-FCEC11AEA336}.CheckIn|x64.ActiveCfg = Debug|Any CPU
		{0B4DC724-7305-4BA5-9429-FCEC11AEA336}.CheckIn|x64.Build.0 = Debug|Any CPU
		{0B4DC724-7305-4BA5-9429-FCEC11AEA336}.CheckIn|x86.ActiveCfg = Debug|Any CPU
		{0B4DC724-7305-4BA5-9429-FCEC11AEA336}.CheckIn|x86.Build.0 = Debug|Any CPU
		{0B4DC724-7305-4BA5-9429-FCEC11AEA336}.Debug|Any CPU.ActiveCfg = Debug|Any CPU
		{0B4DC724-7305-4BA5-9429-FCEC11AEA336}.Debug|Any CPU.Build.0 = Debug|Any CPU
		{0B4DC724-7305-4BA5-9429-FCEC11AEA336}.Debug|x64.ActiveCfg = Debug|Any CPU
		{0B4DC724-7305-4BA5-9429-FCEC11AEA336}.Debug|x64.Build.0 = Debug|Any CPU
		{0B4DC724-7305-4BA5-9429-FCEC11AEA336}.Debug|x86.ActiveCfg = Debug|Any CPU
		{0B4DC724-7305-4BA5-9429-FCEC11AEA336}.Debug|x86.Build.0 = Debug|Any CPU
		{0B4DC724-7305-4BA5-9429-FCEC11AEA336}.Release|Any CPU.ActiveCfg = Release|Any CPU
		{0B4DC724-7305-4BA5-9429-FCEC11AEA336}.Release|Any CPU.Build.0 = Release|Any CPU
		{0B4DC724-7305-4BA5-9429-FCEC11AEA336}.Release|x64.ActiveCfg = Release|Any CPU
		{0B4DC724-7305-4BA5-9429-FCEC11AEA336}.Release|x64.Build.0 = Release|Any CPU
		{0B4DC724-7305-4BA5-9429-FCEC11AEA336}.Release|x86.ActiveCfg = Release|Any CPU
		{0B4DC724-7305-4BA5-9429-FCEC11AEA336}.Release|x86.Build.0 = Release|Any CPU
		{17D29D31-EF5E-486D-810A-8A8B11AF1EA5}.CheckIn|Any CPU.ActiveCfg = Debug|Any CPU
		{17D29D31-EF5E-486D-810A-8A8B11AF1EA5}.CheckIn|Any CPU.Build.0 = Debug|Any CPU
		{17D29D31-EF5E-486D-810A-8A8B11AF1EA5}.CheckIn|x64.ActiveCfg = Debug|Any CPU
		{17D29D31-EF5E-486D-810A-8A8B11AF1EA5}.CheckIn|x64.Build.0 = Debug|Any CPU
		{17D29D31-EF5E-486D-810A-8A8B11AF1EA5}.CheckIn|x86.ActiveCfg = Debug|Any CPU
		{17D29D31-EF5E-486D-810A-8A8B11AF1EA5}.CheckIn|x86.Build.0 = Debug|Any CPU
		{17D29D31-EF5E-486D-810A-8A8B11AF1EA5}.Debug|Any CPU.ActiveCfg = Debug|Any CPU
		{17D29D31-EF5E-486D-810A-8A8B11AF1EA5}.Debug|Any CPU.Build.0 = Debug|Any CPU
		{17D29D31-EF5E-486D-810A-8A8B11AF1EA5}.Debug|x64.ActiveCfg = Debug|Any CPU
		{17D29D31-EF5E-486D-810A-8A8B11AF1EA5}.Debug|x64.Build.0 = Debug|Any CPU
		{17D29D31-EF5E-486D-810A-8A8B11AF1EA5}.Debug|x86.ActiveCfg = Debug|Any CPU
		{17D29D31-EF5E-486D-810A-8A8B11AF1EA5}.Debug|x86.Build.0 = Debug|Any CPU
		{17D29D31-EF5E-486D-810A-8A8B11AF1EA5}.Release|Any CPU.ActiveCfg = Release|Any CPU
		{17D29D31-EF5E-486D-810A-8A8B11AF1EA5}.Release|Any CPU.Build.0 = Release|Any CPU
		{17D29D31-EF5E-486D-810A-8A8B11AF1EA5}.Release|x64.ActiveCfg = Release|Any CPU
		{17D29D31-EF5E-486D-810A-8A8B11AF1EA5}.Release|x64.Build.0 = Release|Any CPU
		{17D29D31-EF5E-486D-810A-8A8B11AF1EA5}.Release|x86.ActiveCfg = Release|Any CPU
		{17D29D31-EF5E-486D-810A-8A8B11AF1EA5}.Release|x86.Build.0 = Release|Any CPU
		{C673B577-EBDC-444C-B021-C19C4632F3AE}.CheckIn|Any CPU.ActiveCfg = Debug|Any CPU
		{C673B577-EBDC-444C-B021-C19C4632F3AE}.CheckIn|Any CPU.Build.0 = Debug|Any CPU
		{C673B577-EBDC-444C-B021-C19C4632F3AE}.CheckIn|x64.ActiveCfg = Debug|Any CPU
		{C673B577-EBDC-444C-B021-C19C4632F3AE}.CheckIn|x64.Build.0 = Debug|Any CPU
		{C673B577-EBDC-444C-B021-C19C4632F3AE}.CheckIn|x86.ActiveCfg = Debug|Any CPU
		{C673B577-EBDC-444C-B021-C19C4632F3AE}.CheckIn|x86.Build.0 = Debug|Any CPU
		{C673B577-EBDC-444C-B021-C19C4632F3AE}.Debug|Any CPU.ActiveCfg = Debug|Any CPU
		{C673B577-EBDC-444C-B021-C19C4632F3AE}.Debug|Any CPU.Build.0 = Debug|Any CPU
		{C673B577-EBDC-444C-B021-C19C4632F3AE}.Debug|x64.ActiveCfg = Debug|Any CPU
		{C673B577-EBDC-444C-B021-C19C4632F3AE}.Debug|x64.Build.0 = Debug|Any CPU
		{C673B577-EBDC-444C-B021-C19C4632F3AE}.Debug|x86.ActiveCfg = Debug|Any CPU
		{C673B577-EBDC-444C-B021-C19C4632F3AE}.Debug|x86.Build.0 = Debug|Any CPU
		{C673B577-EBDC-444C-B021-C19C4632F3AE}.Release|Any CPU.ActiveCfg = Release|Any CPU
		{C673B577-EBDC-444C-B021-C19C4632F3AE}.Release|Any CPU.Build.0 = Release|Any CPU
		{C673B577-EBDC-444C-B021-C19C4632F3AE}.Release|x64.ActiveCfg = Release|Any CPU
		{C673B577-EBDC-444C-B021-C19C4632F3AE}.Release|x64.Build.0 = Release|Any CPU
		{C673B577-EBDC-444C-B021-C19C4632F3AE}.Release|x86.ActiveCfg = Release|Any CPU
		{C673B577-EBDC-444C-B021-C19C4632F3AE}.Release|x86.Build.0 = Release|Any CPU
		{981DEBEC-14D4-4361-91E0-EBD368D31091}.CheckIn|Any CPU.ActiveCfg = Debug|Any CPU
		{981DEBEC-14D4-4361-91E0-EBD368D31091}.CheckIn|Any CPU.Build.0 = Debug|Any CPU
		{981DEBEC-14D4-4361-91E0-EBD368D31091}.CheckIn|x64.ActiveCfg = Debug|Any CPU
		{981DEBEC-14D4-4361-91E0-EBD368D31091}.CheckIn|x64.Build.0 = Debug|Any CPU
		{981DEBEC-14D4-4361-91E0-EBD368D31091}.CheckIn|x86.ActiveCfg = Debug|Any CPU
		{981DEBEC-14D4-4361-91E0-EBD368D31091}.CheckIn|x86.Build.0 = Debug|Any CPU
		{981DEBEC-14D4-4361-91E0-EBD368D31091}.Debug|Any CPU.ActiveCfg = Debug|Any CPU
		{981DEBEC-14D4-4361-91E0-EBD368D31091}.Debug|Any CPU.Build.0 = Debug|Any CPU
		{981DEBEC-14D4-4361-91E0-EBD368D31091}.Debug|x64.ActiveCfg = Debug|Any CPU
		{981DEBEC-14D4-4361-91E0-EBD368D31091}.Debug|x64.Build.0 = Debug|Any CPU
		{981DEBEC-14D4-4361-91E0-EBD368D31091}.Debug|x86.ActiveCfg = Debug|Any CPU
		{981DEBEC-14D4-4361-91E0-EBD368D31091}.Debug|x86.Build.0 = Debug|Any CPU
		{981DEBEC-14D4-4361-91E0-EBD368D31091}.Release|Any CPU.ActiveCfg = Release|Any CPU
		{981DEBEC-14D4-4361-91E0-EBD368D31091}.Release|Any CPU.Build.0 = Release|Any CPU
		{981DEBEC-14D4-4361-91E0-EBD368D31091}.Release|x64.ActiveCfg = Release|Any CPU
		{981DEBEC-14D4-4361-91E0-EBD368D31091}.Release|x64.Build.0 = Release|Any CPU
		{981DEBEC-14D4-4361-91E0-EBD368D31091}.Release|x86.ActiveCfg = Release|Any CPU
		{981DEBEC-14D4-4361-91E0-EBD368D31091}.Release|x86.Build.0 = Release|Any CPU
	EndGlobalSection
	GlobalSection(SolutionProperties) = preSolution
		HideSolutionNode = FALSE
	EndGlobalSection
	GlobalSection(NestedProjects) = preSolution
		{CD9C1F77-FCDC-4948-A3EA-07A91643D997} = {7C3BA815-7E1A-410D-8452-CE60337B4787}
		{BB2B1E81-F634-4A50-9D18-D339BC8BCC08} = {7C3BA815-7E1A-410D-8452-CE60337B4787}
		{2F31A269-6249-407C-B0EA-49647E538189} = {BB2B1E81-F634-4A50-9D18-D339BC8BCC08}
		{F78B5085-40C6-473F-A92F-ED054440FDD6} = {7C3BA815-7E1A-410D-8452-CE60337B4787}
		{3AB9D515-F6B4-4FE4-A437-42BB10A5621C} = {7C3BA815-7E1A-410D-8452-CE60337B4787}
		{0BECDF36-BC64-4CF8-BCF4-FD264566C6F6} = {7C3BA815-7E1A-410D-8452-CE60337B4787}
		{9FBAA1DC-F4C5-4C87-8B28-BCBD192C3AB7} = {7C3BA815-7E1A-410D-8452-CE60337B4787}
		{BB825D16-A855-4936-B9C0-49A1BE8DA887} = {7C3BA815-7E1A-410D-8452-CE60337B4787}
		{62DA7324-74EF-4129-A453-DDE40B86D04F} = {7C3BA815-7E1A-410D-8452-CE60337B4787}
		{7DF847E6-FC99-49B7-BBDF-C29FDCE19D6B} = {24FE36CB-D2B6-4178-B594-AA672A96F970}
		{D8DD804F-4834-4FAA-A28E-45B7B39DD40C} = {24FE36CB-D2B6-4178-B594-AA672A96F970}
		{E32D04B6-6CF0-4329-96ED-586D4CF4526E} = {24FE36CB-D2B6-4178-B594-AA672A96F970}
		{53E38954-BB18-43E3-966B-95AA1902F989} = {24FE36CB-D2B6-4178-B594-AA672A96F970}
		{542460B5-EF76-4C4B-89CC-0A3B6DE7A779} = {24FE36CB-D2B6-4178-B594-AA672A96F970}
		{0D241723-7CD6-41CC-BAEA-7389B3A86F1A} = {24FE36CB-D2B6-4178-B594-AA672A96F970}
		{2A6D19E9-4F57-44BD-BC4D-1DE5D64BBA0F} = {24FE36CB-D2B6-4178-B594-AA672A96F970}
		{DCF56B22-EE1D-4FAC-98E4-2FFDE29B9A39} = {24FE36CB-D2B6-4178-B594-AA672A96F970}
		{CAB7F1EA-9E55-493D-9102-A8FB9FD86DA3} = {24FE36CB-D2B6-4178-B594-AA672A96F970}
		{2B3CE58B-6A5F-413A-A525-E4E35D0A5CFB} = {24FE36CB-D2B6-4178-B594-AA672A96F970}
		{55A69CF3-A318-40BB-AF45-EB40744353DB} = {24FE36CB-D2B6-4178-B594-AA672A96F970}
		{DF9A02EA-BEEE-47AF-8C46-48B42B0F568C} = {24FE36CB-D2B6-4178-B594-AA672A96F970}
		{02A5B8F7-3474-43F8-BC3A-90EF911D2CEF} = {24FE36CB-D2B6-4178-B594-AA672A96F970}
		{B7A635B2-658B-429F-9D5C-4295EDEF6CF1} = {24FE36CB-D2B6-4178-B594-AA672A96F970}
		{3DCA0170-1B24-49EB-A203-A03AD84A09D8} = {24FE36CB-D2B6-4178-B594-AA672A96F970}
		{8036DDC7-DE7F-40A9-879E-C49E4FF9B0F0} = {24FE36CB-D2B6-4178-B594-AA672A96F970}
		{4310B691-5DB9-4CE0-8567-308D05F6DA6F} = {24FE36CB-D2B6-4178-B594-AA672A96F970}
		{8D016F12-BF23-433B-85B6-8BE0EC407BB1} = {24FE36CB-D2B6-4178-B594-AA672A96F970}
		{ACBD56B7-D020-4A52-9A7C-59A210EC7CB2} = {24FE36CB-D2B6-4178-B594-AA672A96F970}
		{26856AFA-4128-4422-8AF3-BB057A518A70} = {24FE36CB-D2B6-4178-B594-AA672A96F970}
		{1925141F-B69A-4E77-B9BD-927C5E3A3294} = {24FE36CB-D2B6-4178-B594-AA672A96F970}
		{0B4DC724-7305-4BA5-9429-FCEC11AEA336} = {24FE36CB-D2B6-4178-B594-AA672A96F970}
		{17D29D31-EF5E-486D-810A-8A8B11AF1EA5} = {24FE36CB-D2B6-4178-B594-AA672A96F970}
		{C673B577-EBDC-444C-B021-C19C4632F3AE} = {24FE36CB-D2B6-4178-B594-AA672A96F970}
		{981DEBEC-14D4-4361-91E0-EBD368D31091} = {24FE36CB-D2B6-4178-B594-AA672A96F970}
	EndGlobalSection
	GlobalSection(ExtensibilityGlobals) = postSolution
		SolutionGuid = {C0096D0A-1408-4FC3-BF35-0E79DC665B29}
	EndGlobalSection
EndGlobal
