
Microsoft Visual Studio Solution File, Format Version 12.00
# Visual Studio Version 17
VisualStudioVersion = 17.10.35013.160
MinimumVisualStudioVersion = 10.0.40219.1
Project("{9A19103F-16F7-4668-BE54-9A1E7A4F7556}") = "Task1A", "Task1A\Task1A.csproj", "{CD9C1F77-FCDC-4948-A3EA-07A91643D997}"
EndProject
Project("{2150E333-8FDC-42A3-9474-1A3956D46DE8}") = "Task1.CSharpBase", "Task1.CSharpBase", "{BB2B1E81-F634-4A50-9D18-D339BC8BCC08}"
EndProject
Project("{9A19103F-16F7-4668-BE54-9A1E7A4F7556}") = "Task1B", "Task1B\Task1B.csproj", "{2F31A269-6249-407C-B0EA-49647E538189}"
EndProject
Project("{9A19103F-16F7-4668-BE54-9A1E7A4F7556}") = "Task2", "Task2\Task2.csproj", "{F78B5085-40C6-473F-A92F-ED054440FDD6}"
EndProject
Project("{9A19103F-16F7-4668-BE54-9A1E7A4F7556}") = "Task3", "Task3\Task3.csproj", "{3AB9D515-F6B4-4FE4-A437-42BB10A5621C}"
EndProject
Project("{9A19103F-16F7-4668-BE54-9A1E7A4F7556}") = "Task4", "Task4\Task4.csproj", "{0BECDF36-BC64-4CF8-BCF4-FD264566C6F6}"
EndProject
Project("{9A19103F-16F7-4668-BE54-9A1E7A4F7556}") = "Task5", "Task5\Task5.csproj", "{9FBAA1DC-F4C5-4C87-8B28-BCBD192C3AB7}"
EndProject
Project("{9A19103F-16F7-4668-BE54-9A1E7A4F7556}") = "Task6", "Task6\Task6.csproj", "{BB825D16-A855-4936-B9C0-49A1BE8DA887}"
EndProject
Project("{9A19103F-16F7-4668-BE54-9A1E7A4F7556}") = "Task7", "Task7\Task7.csproj", "{62DA7324-74EF-4129-A453-DDE40B86D04F}"
EndProject
Global
	GlobalSection(SolutionConfigurationPlatforms) = preSolution
		CheckIn|Any CPU = CheckIn|Any CPU
		CheckIn|x64 = CheckIn|x64
		CheckIn|x86 = CheckIn|x86
		Debug|Any CPU = Debug|Any CPU
		Debug|x64 = Debug|x64
		Debug|x86 = Debug|x86
		Release|Any CPU = Release|Any CPU
		Release|x64 = Release|x64
		Release|x86 = Release|x86
	EndGlobalSection
	GlobalSection(ProjectConfigurationPlatforms) = postSolution
		{CD9C1F77-FCDC-4948-A3EA-07A91643D997}.CheckIn|Any CPU.ActiveCfg = CheckIn|Any CPU
		{CD9C1F77-FCDC-4948-A3EA-07A91643D997}.CheckIn|Any CPU.Build.0 = CheckIn|Any CPU
		{CD9C1F77-FCDC-4948-A3EA-07A91643D997}.CheckIn|x64.ActiveCfg = CheckIn|Any CPU
		{CD9C1F77-FCDC-4948-A3EA-07A91643D997}.CheckIn|x64.Build.0 = CheckIn|Any CPU
		{CD9C1F77-FCDC-4948-A3EA-07A91643D997}.CheckIn|x86.ActiveCfg = CheckIn|Any CPU
		{CD9C1F77-FCDC-4948-A3EA-07A91643D997}.CheckIn|x86.Build.0 = CheckIn|Any CPU
		{CD9C1F77-FCDC-4948-A3EA-07A91643D997}.Debug|Any CPU.ActiveCfg = Debug|Any CPU
		{CD9C1F77-FCDC-4948-A3EA-07A91643D997}.Debug|Any CPU.Build.0 = Debug|Any CPU
		{CD9C1F77-FCDC-4948-A3EA-07A91643D997}.Debug|x64.ActiveCfg = Debug|Any CPU
		{CD9C1F77-FCDC-4948-A3EA-07A91643D997}.Debug|x64.Build.0 = Debug|Any CPU
		{CD9C1F77-FCDC-4948-A3EA-07A91643D997}.Debug|x86.ActiveCfg = Debug|Any CPU
		{CD9C1F77-FCDC-4948-A3EA-07A91643D997}.Debug|x86.Build.0 = Debug|Any CPU
		{CD9C1F77-FCDC-4948-A3EA-07A91643D997}.Release|Any CPU.ActiveCfg = Release|Any CPU
		{CD9C1F77-FCDC-4948-A3EA-07A91643D997}.Release|Any CPU.Build.0 = Release|Any CPU
		{CD9C1F77-FCDC-4948-A3EA-07A91643D997}.Release|x64.ActiveCfg = Release|Any CPU
		{CD9C1F77-FCDC-4948-A3EA-07A91643D997}.Release|x64.Build.0 = Release|Any CPU
		{CD9C1F77-FCDC-4948-A3EA-07A91643D997}.Release|x86.ActiveCfg = Release|Any CPU
		{CD9C1F77-FCDC-4948-A3EA-07A91643D997}.Release|x86.Build.0 = Release|Any CPU
		{2F31A269-6249-407C-B0EA-49647E538189}.CheckIn|Any CPU.ActiveCfg = CheckIn|Any CPU
		{2F31A269-6249-407C-B0EA-49647E538189}.CheckIn|Any CPU.Build.0 = CheckIn|Any CPU
		{2F31A269-6249-407C-B0EA-49647E538189}.CheckIn|x64.ActiveCfg = CheckIn|Any CPU
		{2F31A269-6249-407C-B0EA-49647E538189}.CheckIn|x64.Build.0 = CheckIn|Any CPU
		{2F31A269-6249-407C-B0EA-49647E538189}.CheckIn|x86.ActiveCfg = CheckIn|Any CPU
		{2F31A269-6249-407C-B0EA-49647E538189}.CheckIn|x86.Build.0 = CheckIn|Any CPU
		{2F31A269-6249-407C-B0EA-49647E538189}.Debug|Any CPU.ActiveCfg = Debug|Any CPU
		{2F31A269-6249-407C-B0EA-49647E538189}.Debug|Any CPU.Build.0 = Debug|Any CPU
		{2F31A269-6249-407C-B0EA-49647E538189}.Debug|x64.ActiveCfg = Debug|Any CPU
		{2F31A269-6249-407C-B0EA-49647E538189}.Debug|x64.Build.0 = Debug|Any CPU
		{2F31A269-6249-407C-B0EA-49647E538189}.Debug|x86.ActiveCfg = Debug|Any CPU
		{2F31A269-6249-407C-B0EA-49647E538189}.Debug|x86.Build.0 = Debug|Any CPU
		{2F31A269-6249-407C-B0EA-49647E538189}.Release|Any CPU.ActiveCfg = Release|Any CPU
		{2F31A269-6249-407C-B0EA-49647E538189}.Release|Any CPU.Build.0 = Release|Any CPU
		{2F31A269-6249-407C-B0EA-49647E538189}.Release|x64.ActiveCfg = Release|Any CPU
		{2F31A269-6249-407C-B0EA-49647E538189}.Release|x64.Build.0 = Release|Any CPU
		{2F31A269-6249-407C-B0EA-49647E538189}.Release|x86.ActiveCfg = Release|Any CPU
		{2F31A269-6249-407C-B0EA-49647E538189}.Release|x86.Build.0 = Release|Any CPU
		{F78B5085-40C6-473F-A92F-ED054440FDD6}.CheckIn|Any CPU.ActiveCfg = Debug|Any CPU
		{F78B5085-40C6-473F-A92F-ED054440FDD6}.CheckIn|Any CPU.Build.0 = Debug|Any CPU
		{F78B5085-40C6-473F-A92F-ED054440FDD6}.CheckIn|x64.ActiveCfg = Debug|Any CPU
		{F78B5085-40C6-473F-A92F-ED054440FDD6}.CheckIn|x64.Build.0 = Debug|Any CPU
		{F78B5085-40C6-473F-A92F-ED054440FDD6}.CheckIn|x86.ActiveCfg = Debug|Any CPU
		{F78B5085-40C6-473F-A92F-ED054440FDD6}.CheckIn|x86.Build.0 = Debug|Any CPU
		{F78B5085-40C6-473F-A92F-ED054440FDD6}.Debug|Any CPU.ActiveCfg = Debug|Any CPU
		{F78B5085-40C6-473F-A92F-ED054440FDD6}.Debug|Any CPU.Build.0 = Debug|Any CPU
		{F78B5085-40C6-473F-A92F-ED054440FDD6}.Debug|x64.ActiveCfg = Debug|Any CPU
		{F78B5085-40C6-473F-A92F-ED054440FDD6}.Debug|x64.Build.0 = Debug|Any CPU
		{F78B5085-40C6-473F-A92F-ED054440FDD6}.Debug|x86.ActiveCfg = Debug|Any CPU
		{F78B5085-40C6-473F-A92F-ED054440FDD6}.Debug|x86.Build.0 = Debug|Any CPU
		{F78B5085-40C6-473F-A92F-ED054440FDD6}.Release|Any CPU.ActiveCfg = Release|Any CPU
		{F78B5085-40C6-473F-A92F-ED054440FDD6}.Release|Any CPU.Build.0 = Release|Any CPU
		{F78B5085-40C6-473F-A92F-ED054440FDD6}.Release|x64.ActiveCfg = Release|Any CPU
		{F78B5085-40C6-473F-A92F-ED054440FDD6}.Release|x64.Build.0 = Release|Any CPU
		{F78B5085-40C6-473F-A92F-ED054440FDD6}.Release|x86.ActiveCfg = Release|Any CPU
		{F78B5085-40C6-473F-A92F-ED054440FDD6}.Release|x86.Build.0 = Release|Any CPU
		{3AB9D515-F6B4-4FE4-A437-42BB10A5621C}.CheckIn|Any CPU.ActiveCfg = Debug|Any CPU
		{3AB9D515-F6B4-4FE4-A437-42BB10A5621C}.CheckIn|Any CPU.Build.0 = Debug|Any CPU
		{3AB9D515-F6B4-4FE4-A437-42BB10A5621C}.CheckIn|x64.ActiveCfg = Debug|Any CPU
		{3AB9D515-F6B4-4FE4-A437-42BB10A5621C}.CheckIn|x64.Build.0 = Debug|Any CPU
		{3AB9D515-F6B4-4FE4-A437-42BB10A5621C}.CheckIn|x86.ActiveCfg = Debug|Any CPU
		{3AB9D515-F6B4-4FE4-A437-42BB10A5621C}.CheckIn|x86.Build.0 = Debug|Any CPU
		{3AB9D515-F6B4-4FE4-A437-42BB10A5621C}.Debug|Any CPU.ActiveCfg = Debug|Any CPU
		{3AB9D515-F6B4-4FE4-A437-42BB10A5621C}.Debug|Any CPU.Build.0 = Debug|Any CPU
		{3AB9D515-F6B4-4FE4-A437-42BB10A5621C}.Debug|x64.ActiveCfg = Debug|Any CPU
		{3AB9D515-F6B4-4FE4-A437-42BB10A5621C}.Debug|x64.Build.0 = Debug|Any CPU
		{3AB9D515-F6B4-4FE4-A437-42BB10A5621C}.Debug|x86.ActiveCfg = Debug|Any CPU
		{3AB9D515-F6B4-4FE4-A437-42BB10A5621C}.Debug|x86.Build.0 = Debug|Any CPU
		{3AB9D515-F6B4-4FE4-A437-42BB10A5621C}.Release|Any CPU.ActiveCfg = Release|Any CPU
		{3AB9D515-F6B4-4FE4-A437-42BB10A5621C}.Release|Any CPU.Build.0 = Release|Any CPU
		{3AB9D515-F6B4-4FE4-A437-42BB10A5621C}.Release|x64.ActiveCfg = Release|Any CPU
		{3AB9D515-F6B4-4FE4-A437-42BB10A5621C}.Release|x64.Build.0 = Release|Any CPU
		{3AB9D515-F6B4-4FE4-A437-42BB10A5621C}.Release|x86.ActiveCfg = Release|Any CPU
		{3AB9D515-F6B4-4FE4-A437-42BB10A5621C}.Release|x86.Build.0 = Release|Any CPU
		{0BECDF36-BC64-4CF8-BCF4-FD264566C6F6}.CheckIn|Any CPU.ActiveCfg = Debug|Any CPU
		{0BECDF36-BC64-4CF8-BCF4-FD264566C6F6}.CheckIn|Any CPU.Build.0 = Debug|Any CPU
		{0BECDF36-BC64-4CF8-BCF4-FD264566C6F6}.CheckIn|x64.ActiveCfg = Debug|Any CPU
		{0BECDF36-BC64-4CF8-BCF4-FD264566C6F6}.CheckIn|x64.Build.0 = Debug|Any CPU
		{0BECDF36-BC64-4CF8-BCF4-FD264566C6F6}.CheckIn|x86.ActiveCfg = Debug|Any CPU
		{0BECDF36-BC64-4CF8-BCF4-FD264566C6F6}.CheckIn|x86.Build.0 = Debug|Any CPU
		{0BECDF36-BC64-4CF8-BCF4-FD264566C6F6}.Debug|Any CPU.ActiveCfg = Debug|Any CPU
		{0BECDF36-BC64-4CF8-BCF4-FD264566C6F6}.Debug|Any CPU.Build.0 = Debug|Any CPU
		{0BECDF36-BC64-4CF8-BCF4-FD264566C6F6}.Debug|x64.ActiveCfg = Debug|Any CPU
		{0BECDF36-BC64-4CF8-BCF4-FD264566C6F6}.Debug|x64.Build.0 = Debug|Any CPU
		{0BECDF36-BC64-4CF8-BCF4-FD264566C6F6}.Debug|x86.ActiveCfg = Debug|Any CPU
		{0BECDF36-BC64-4CF8-BCF4-FD264566C6F6}.Debug|x86.Build.0 = Debug|Any CPU
		{0BECDF36-BC64-4CF8-BCF4-FD264566C6F6}.Release|Any CPU.ActiveCfg = Release|Any CPU
		{0BECDF36-BC64-4CF8-BCF4-FD264566C6F6}.Release|Any CPU.Build.0 = Release|Any CPU
		{0BECDF36-BC64-4CF8-BCF4-FD264566C6F6}.Release|x64.ActiveCfg = Release|Any CPU
		{0BECDF36-BC64-4CF8-BCF4-FD264566C6F6}.Release|x64.Build.0 = Release|Any CPU
		{0BECDF36-BC64-4CF8-BCF4-FD264566C6F6}.Release|x86.ActiveCfg = Release|Any CPU
		{0BECDF36-BC64-4CF8-BCF4-FD264566C6F6}.Release|x86.Build.0 = Release|Any CPU
		{9FBAA1DC-F4C5-4C87-8B28-BCBD192C3AB7}.CheckIn|Any CPU.ActiveCfg = Debug|Any CPU
		{9FBAA1DC-F4C5-4C87-8B28-BCBD192C3AB7}.CheckIn|Any CPU.Build.0 = Debug|Any CPU
		{9FBAA1DC-F4C5-4C87-8B28-BCBD192C3AB7}.CheckIn|x64.ActiveCfg = Debug|Any CPU
		{9FBAA1DC-F4C5-4C87-8B28-BCBD192C3AB7}.CheckIn|x64.Build.0 = Debug|Any CPU
		{9FBAA1DC-F4C5-4C87-8B28-BCBD192C3AB7}.CheckIn|x86.ActiveCfg = Debug|Any CPU
		{9FBAA1DC-F4C5-4C87-8B28-BCBD192C3AB7}.CheckIn|x86.Build.0 = Debug|Any CPU
		{9FBAA1DC-F4C5-4C87-8B28-BCBD192C3AB7}.Debug|Any CPU.ActiveCfg = Debug|Any CPU
		{9FBAA1DC-F4C5-4C87-8B28-BCBD192C3AB7}.Debug|Any CPU.Build.0 = Debug|Any CPU
		{9FBAA1DC-F4C5-4C87-8B28-BCBD192C3AB7}.Debug|x64.ActiveCfg = Debug|Any CPU
		{9FBAA1DC-F4C5-4C87-8B28-BCBD192C3AB7}.Debug|x64.Build.0 = Debug|Any CPU
		{9FBAA1DC-F4C5-4C87-8B28-BCBD192C3AB7}.Debug|x86.ActiveCfg = Debug|Any CPU
		{9FBAA1DC-F4C5-4C87-8B28-BCBD192C3AB7}.Debug|x86.Build.0 = Debug|Any CPU
		{9FBAA1DC-F4C5-4C87-8B28-BCBD192C3AB7}.Release|Any CPU.ActiveCfg = Release|Any CPU
		{9FBAA1DC-F4C5-4C87-8B28-BCBD192C3AB7}.Release|Any CPU.Build.0 = Release|Any CPU
		{9FBAA1DC-F4C5-4C87-8B28-BCBD192C3AB7}.Release|x64.ActiveCfg = Release|Any CPU
		{9FBAA1DC-F4C5-4C87-8B28-BCBD192C3AB7}.Release|x64.Build.0 = Release|Any CPU
		{9FBAA1DC-F4C5-4C87-8B28-BCBD192C3AB7}.Release|x86.ActiveCfg = Release|Any CPU
		{9FBAA1DC-F4C5-4C87-8B28-BCBD192C3AB7}.Release|x86.Build.0 = Release|Any CPU
		{BB825D16-A855-4936-B9C0-49A1BE8DA887}.CheckIn|Any CPU.ActiveCfg = Debug|Any CPU
		{BB825D16-A855-4936-B9C0-49A1BE8DA887}.CheckIn|Any CPU.Build.0 = Debug|Any CPU
		{BB825D16-A855-4936-B9C0-49A1BE8DA887}.CheckIn|x64.ActiveCfg = Debug|Any CPU
		{BB825D16-A855-4936-B9C0-49A1BE8DA887}.CheckIn|x64.Build.0 = Debug|Any CPU
		{BB825D16-A855-4936-B9C0-49A1BE8DA887}.CheckIn|x86.ActiveCfg = Debug|Any CPU
		{BB825D16-A855-4936-B9C0-49A1BE8DA887}.CheckIn|x86.Build.0 = Debug|Any CPU
		{BB825D16-A855-4936-B9C0-49A1BE8DA887}.Debug|Any CPU.ActiveCfg = Debug|Any CPU
		{BB825D16-A855-4936-B9C0-49A1BE8DA887}.Debug|Any CPU.Build.0 = Debug|Any CPU
		{BB825D16-A855-4936-B9C0-49A1BE8DA887}.Debug|x64.ActiveCfg = Debug|Any CPU
		{BB825D16-A855-4936-B9C0-49A1BE8DA887}.Debug|x64.Build.0 = Debug|Any CPU
		{BB825D16-A855-4936-B9C0-49A1BE8DA887}.Debug|x86.ActiveCfg = Debug|Any CPU
		{BB825D16-A855-4936-B9C0-49A1BE8DA887}.Debug|x86.Build.0 = Debug|Any CPU
		{BB825D16-A855-4936-B9C0-49A1BE8DA887}.Release|Any CPU.ActiveCfg = Release|Any CPU
		{BB825D16-A855-4936-B9C0-49A1BE8DA887}.Release|Any CPU.Build.0 = Release|Any CPU
		{BB825D16-A855-4936-B9C0-49A1BE8DA887}.Release|x64.ActiveCfg = Release|Any CPU
		{BB825D16-A855-4936-B9C0-49A1BE8DA887}.Release|x64.Build.0 = Release|Any CPU
		{BB825D16-A855-4936-B9C0-49A1BE8DA887}.Release|x86.ActiveCfg = Release|Any CPU
		{BB825D16-A855-4936-B9C0-49A1BE8DA887}.Release|x86.Build.0 = Release|Any CPU
		{62DA7324-74EF-4129-A453-DDE40B86D04F}.CheckIn|Any CPU.ActiveCfg = Debug|Any CPU
		{62DA7324-74EF-4129-A453-DDE40B86D04F}.CheckIn|Any CPU.Build.0 = Debug|Any CPU
		{62DA7324-74EF-4129-A453-DDE40B86D04F}.CheckIn|x64.ActiveCfg = Debug|Any CPU
		{62DA7324-74EF-4129-A453-DDE40B86D04F}.CheckIn|x64.Build.0 = Debug|Any CPU
		{62DA7324-74EF-4129-A453-DDE40B86D04F}.CheckIn|x86.ActiveCfg = Debug|Any CPU
		{62DA7324-74EF-4129-A453-DDE40B86D04F}.CheckIn|x86.Build.0 = Debug|Any CPU
		{62DA7324-74EF-4129-A453-DDE40B86D04F}.Debug|Any CPU.ActiveCfg = Debug|Any CPU
		{62DA7324-74EF-4129-A453-DDE40B86D04F}.Debug|Any CPU.Build.0 = Debug|Any CPU
		{62DA7324-74EF-4129-A453-DDE40B86D04F}.Debug|x64.ActiveCfg = Debug|Any CPU
		{62DA7324-74EF-4129-A453-DDE40B86D04F}.Debug|x64.Build.0 = Debug|Any CPU
		{62DA7324-74EF-4129-A453-DDE40B86D04F}.Debug|x86.ActiveCfg = Debug|Any CPU
		{62DA7324-74EF-4129-A453-DDE40B86D04F}.Debug|x86.Build.0 = Debug|Any CPU
		{62DA7324-74EF-4129-A453-DDE40B86D04F}.Release|Any CPU.ActiveCfg = Release|Any CPU
		{62DA7324-74EF-4129-A453-DDE40B86D04F}.Release|Any CPU.Build.0 = Release|Any CPU
		{62DA7324-74EF-4129-A453-DDE40B86D04F}.Release|x64.ActiveCfg = Release|Any CPU
		{62DA7324-74EF-4129-A453-DDE40B86D04F}.Release|x64.Build.0 = Release|Any CPU
		{62DA7324-74EF-4129-A453-DDE40B86D04F}.Release|x86.ActiveCfg = Release|Any CPU
		{62DA7324-74EF-4129-A453-DDE40B86D04F}.Release|x86.Build.0 = Release|Any CPU
	EndGlobalSection
	GlobalSection(SolutionProperties) = preSolution
		HideSolutionNode = FALSE
	EndGlobalSection
	GlobalSection(NestedProjects) = preSolution
		{2F31A269-6249-407C-B0EA-49647E538189} = {BB2B1E81-F634-4A50-9D18-D339BC8BCC08}
	EndGlobalSection
	GlobalSection(ExtensibilityGlobals) = postSolution
		SolutionGuid = {C0096D0A-1408-4FC3-BF35-0E79DC665B29}
	EndGlobalSection
EndGlobal
