
Microsoft Visual Studio Solution File, Format Version 12.00
# Visual Studio Version 17
VisualStudioVersion = 17.10.35013.160
MinimumVisualStudioVersion = 10.0.40219.1
Project("{9A19103F-16F7-4668-BE54-9A1E7A4F7556}") = "Practice1.Task1A", "Practice1\Task1A\Practice1.Task1A.csproj", "{F8FA43DF-BB42-460F-AF70-0C77ABB024C7}"
EndProject
Project("{2150E333-8FDC-42A3-9474-1A3956D46DE8}") = "Practice1", "Practice1", "{AB960E0C-7C55-4550-BA97-F14C4F29B7EE}"
EndProject
Project("{9A19103F-16F7-4668-BE54-9A1E7A4F7556}") = "Task1B", "Practice1\Task1B\Task1B.csproj", "{1D6D57A0-9FB1-4EFA-BE10-F140CB6319E3}"
EndProject
Project("{9A19103F-16F7-4668-BE54-9A1E7A4F7556}") = "Practice1.Task2", "Practice1\Task2\Practice1.Task2.csproj", "{D9065795-82CD-4176-8E79-F94BAA4721F0}"
EndProject
Project("{9A19103F-16F7-4668-BE54-9A1E7A4F7556}") = "Practice1.Task3", "Practice1\Task3\Practice1.Task3.csproj", "{703EBE51-F066-45F6-A342-37F86F50A25B}"
EndProject
Project("{9A19103F-16F7-4668-BE54-9A1E7A4F7556}") = "Practice1.Task4", "Practice1\Task4\Practice1.Task4.csproj", "{C42FC4B9-35FC-40B9-96D4-4F9A83F97FD1}"
EndProject
Project("{9A19103F-16F7-4668-BE54-9A1E7A4F7556}") = "Practice1.Task5", "Practice1\Task5\Practice1.Task5.csproj", "{4C136A35-2B7E-437E-9488-ED93B39EC5F6}"
EndProject
Project("{9A19103F-16F7-4668-BE54-9A1E7A4F7556}") = "Practice1.Task6", "Practice1\Task6\Practice1.Task6.csproj", "{FB006087-4D0F-4BB7-9F5B-604D4143C6F8}"
EndProject
Project("{9A19103F-16F7-4668-BE54-9A1E7A4F7556}") = "Practice1.Task7", "Practice1\Task7\Practice1.Task7.csproj", "{9C90FC91-0C87-43DB-AF1E-1C406CC10B6E}"
EndProject
Project("{2150E333-8FDC-42A3-9474-1A3956D46DE8}") = "Practice2", "Practice2", "{4409FDF7-82BD-4A89-A17C-E49E1D6B7299}"
EndProject
Project("{9A19103F-16F7-4668-BE54-9A1E7A4F7556}") = "Practice2.Task1", "Practice2\Practice2.Task1\Practice2.Task1.csproj", "{400F7F82-2C6E-494B-A192-9A76D2603321}"
EndProject
Project("{9A19103F-16F7-4668-BE54-9A1E7A4F7556}") = "Practice2.Task2", "Practice2\Practice2.Task2\Practice2.Task2.csproj", "{C75D664C-BE8F-4208-A918-F46BE94F000E}"
EndProject
Project("{9A19103F-16F7-4668-BE54-9A1E7A4F7556}") = "Practice2.Task3", "Practice2\Practice2.Task3\Practice2.Task3.csproj", "{2442438C-0368-49FF-AB10-81FD8C98A930}"
EndProject
Project("{9A19103F-16F7-4668-BE54-9A1E7A4F7556}") = "Practice2.Task4", "Practice2\Practice2.Task4\Practice2.Task4.csproj", "{EF41F1D5-8B06-4C8F-B3FB-7E2F22255CAB}"
EndProject
Project("{9A19103F-16F7-4668-BE54-9A1E7A4F7556}") = "Practice2.Task5", "Practice2\Practice2.Task5\Practice2.Task5.csproj", "{825EFFFB-9AAE-4D9F-A22C-FBFB835A0B1C}"
EndProject
Project("{9A19103F-16F7-4668-BE54-9A1E7A4F7556}") = "Ptactice2.Task6", "Practice2\Ptactice2.Task6\Ptactice2.Task6.csproj", "{8C44A48C-5F33-48F7-B67E-352E30E3F374}"
EndProject
Project("{9A19103F-16F7-4668-BE54-9A1E7A4F7556}") = "Practice2.Task7", "Practice2\Practice2.Task7\Practice2.Task7.csproj", "{50257D48-DD9E-4F80-B5C5-F963D3D20699}"
EndProject
Project("{9A19103F-16F7-4668-BE54-9A1E7A4F7556}") = "Ptactice2.Task8", "Practice2\Ptactice2.Task8\Ptactice2.Task8.csproj", "{E6EB781C-3ECC-400F-B628-ABAA7C66009F}"
EndProject
Project("{9A19103F-16F7-4668-BE54-9A1E7A4F7556}") = "Practice2.Task9", "Practice2\Practice2.Task9\Practice2.Task9.csproj", "{B7137658-76EB-4594-A656-D86856CBA830}"
EndProject
Project("{9A19103F-16F7-4668-BE54-9A1E7A4F7556}") = "Practice2.Task10", "Practice2\Practice2.Task10\Practice2.Task10.csproj", "{B6CD4160-D26F-41BB-AF4E-318C0664A007}"
EndProject
Project("{9A19103F-16F7-4668-BE54-9A1E7A4F7556}") = "Practice2.Task11", "Practice2\Practice2.Task11\Practice2.Task11.csproj", "{A207F0F3-5348-4777-BE20-9771A49EF59E}"
EndProject
Project("{9A19103F-16F7-4668-BE54-9A1E7A4F7556}") = "Practice2.Task12", "Practice2\Practice2.Task12\Practice2.Task12.csproj", "{67F80F9C-0F51-4DC2-A0E1-1CECF737A9DE}"
EndProject
Project("{9A19103F-16F7-4668-BE54-9A1E7A4F7556}") = "Practice2.Task13", "Practice2\Practice2.Task13\Practice2.Task13.csproj", "{88D91CF4-4058-45B4-BD89-3D7F1D750312}"
EndProject
Project("{9A19103F-16F7-4668-BE54-9A1E7A4F7556}") = "Practice2.Task14", "Practice2\Practice2.Task14\Practice2.Task14.csproj", "{F58F6FFF-40AE-492A-AF7F-313A6EB8712B}"
EndProject
Project("{9A19103F-16F7-4668-BE54-9A1E7A4F7556}") = "Practice2.Task15", "Practice2\Practice2.Task15\Practice2.Task15.csproj", "{4B551F72-35FA-49E0-8CC4-EC114532BE50}"
EndProject
Project("{9A19103F-16F7-4668-BE54-9A1E7A4F7556}") = "Practice2.Task16", "Practice2\Practice2.Task16\Practice2.Task16.csproj", "{E079412D-7176-4659-966C-1987F0E1DE34}"
EndProject
Project("{9A19103F-16F7-4668-BE54-9A1E7A4F7556}") = "Practice2.Task17", "Practice2\Practice2.Task17\Practice2.Task17.csproj", "{7914B214-70B0-4CBC-A95C-9EDB7BA731AF}"
EndProject
Project("{9A19103F-16F7-4668-BE54-9A1E7A4F7556}") = "Practice2.Task18", "Practice2\Practice2.Task18\Practice2.Task18.csproj", "{1F734561-8613-4D98-AFDF-61708E3A44C3}"
EndProject
Project("{9A19103F-16F7-4668-BE54-9A1E7A4F7556}") = "Practice2.Task19", "Practice2\Practice2.Task19\Practice2.Task19.csproj", "{A07DD2CD-61EE-4C97-9782-417DAD8DCD93}"
EndProject
Project("{9A19103F-16F7-4668-BE54-9A1E7A4F7556}") = "Practice2.Task20", "Practice2\Practice2.Task20\Practice2.Task20.csproj", "{34B88445-8FA5-4341-8B13-C2C6558F189A}"
EndProject
Project("{9A19103F-16F7-4668-BE54-9A1E7A4F7556}") = "Practice2.Task21", "Practice2\Practice2.Task21\Practice2.Task21.csproj", "{99F1AAFB-798C-48A9-8D81-79DEC7047048}"
EndProject
Project("{9A19103F-16F7-4668-BE54-9A1E7A4F7556}") = "Practice2.Task22", "Practice2\Practice2.Task22\Practice2.Task22.csproj", "{6E76BAB1-9F6F-44D6-8EFF-D181871EC9F7}"
EndProject
Project("{9A19103F-16F7-4668-BE54-9A1E7A4F7556}") = "Practice2.Task23", "Practice2\Practice2.Task23\Practice2.Task23.csproj", "{C27E9808-5F32-4302-872C-CF5F5A5C00A8}"
EndProject
Project("{9A19103F-16F7-4668-BE54-9A1E7A4F7556}") = "Practice2.Task24", "Practice2\Practice2.Task24\Practice2.Task24.csproj", "{E00237C6-76CA-4D00-A5B0-E0212F243C8E}"
EndProject
Project("{9A19103F-16F7-4668-BE54-9A1E7A4F7556}") = "Practice2.Task25", "Practice2\Practice2.Task25\Practice2.Task25.csproj", "{2BE37E78-A3D0-4272-BA06-761B596559DE}"
EndProject
Project("{2150E333-8FDC-42A3-9474-1A3956D46DE8}") = "Practice3", "Practice3", "{6AAFDAEF-3FB3-47FE-9FDC-34C936DBEBFD}"
EndProject
Project("{2150E333-8FDC-42A3-9474-1A3956D46DE8}") = "Practice3.Part2", "Practice3.Part2", "{14638232-B357-48F7-9E0C-DD743C4A0023}"
EndProject
Project("{9A19103F-16F7-4668-BE54-9A1E7A4F7556}") = "Practice3.Task1", "Practice3\Practice3.Task1\Practice3.Task1.csproj", "{D5E6E78E-33EC-4C59-9A73-C1E2117729BD}"
EndProject
Project("{9A19103F-16F7-4668-BE54-9A1E7A4F7556}") = "Practice3.Task2", "Practice3\Practice3.Task2\Practice3.Task2.csproj", "{5A853E2B-A6D0-42B3-AC76-4F916A378E81}"
EndProject
Project("{9A19103F-16F7-4668-BE54-9A1E7A4F7556}") = "Practice3.Task3", "Practice3\Practice3.Task3\Practice3.Task3.csproj", "{5BD16AB0-7285-4C47-9DB2-D72F284E9B2C}"
EndProject
Project("{9A19103F-16F7-4668-BE54-9A1E7A4F7556}") = "Practice3.Task4", "Practice3\Practice3.Task4\Practice3.Task4.csproj", "{7B7266F1-EA1D-4C76-9A49-B7B31521F533}"
EndProject
Project("{9A19103F-16F7-4668-BE54-9A1E7A4F7556}") = "Practice3.Task5", "Practice3\Practice3.Task5\Practice3.Task5.csproj", "{2403BA9B-500F-4965-A717-4ECEF96DA31C}"
EndProject
Project("{9A19103F-16F7-4668-BE54-9A1E7A4F7556}") = "Practice3.Task6", "Practice3\Practice3.Task6\Practice3.Task6.csproj", "{C1D9523D-7E00-41FF-B539-8BE82FB90A43}"
EndProject
Project("{9A19103F-16F7-4668-BE54-9A1E7A4F7556}") = "Practice3.Task7", "Practice3\Practice3.Task7\Practice3.Task7.csproj", "{7AD367B4-C54A-42E2-AFEC-6663CC8847BC}"
EndProject
Project("{9A19103F-16F7-4668-BE54-9A1E7A4F7556}") = "Practice3.Task8", "Practice3\Practice3.Task8\Practice3.Task8.csproj", "{73C7A3DC-9ED6-4142-AC92-B7E96211FC51}"
EndProject
Project("{9A19103F-16F7-4668-BE54-9A1E7A4F7556}") = "Practice3.Task9", "Practice3\Practice3.Task9\Practice3.Task9.csproj", "{E63E7480-E49C-4190-AE7F-4224CFB4BE75}"
EndProject
Project("{9A19103F-16F7-4668-BE54-9A1E7A4F7556}") = "Practice3.Task10", "Practice3\Practice3.Task10\Practice3.Task10.csproj", "{F1A01E9B-C39A-4955-9158-24F6132887C6}"
EndProject
Project("{9A19103F-16F7-4668-BE54-9A1E7A4F7556}") = "Practice3.Task11", "Practice3\Practice3.Task11\Practice3.Task11.csproj", "{7B2B9E09-587A-42E9-B7E3-51FC5E82B622}"
EndProject
Project("{9A19103F-16F7-4668-BE54-9A1E7A4F7556}") = "Practice3.Part2.Task1", "Practice3.Part2\MyLib\Practice3.Part2.Task1.csproj", "{EEB2B842-98D5-4A96-8082-D545FBDD5169}"
EndProject
Project("{9A19103F-16F7-4668-BE54-9A1E7A4F7556}") = "Practice3.Part2.Task3.Lib", "Practice3.Part2\MyLibPerson\Practice3.Part2.Task3.Lib.csproj", "{8FE74025-87D6-4DB1-82E9-9ABDD5961357}"
EndProject
Project("{9A19103F-16F7-4668-BE54-9A1E7A4F7556}") = "Practice3.Part2.Task3.Class", "Practice3.Part2\Practice3.Part2.Task3.Class\Practice3.Part2.Task3.Class.csproj", "{ABAD136A-8F84-4D76-9D72-842357C483A2}"
EndProject
Project("{9A19103F-16F7-4668-BE54-9A1E7A4F7556}") = "Practice3.Part2.Task2", "Practice3.Part2\Program\Practice3.Part2.Task2.csproj", "{873EF789-E92E-49C4-A606-6AB31A371201}"
EndProject
Global
	GlobalSection(SolutionConfigurationPlatforms) = preSolution
		CheckIn|Any CPU = CheckIn|Any CPU
		Debug|Any CPU = Debug|Any CPU
		Release|Any CPU = Release|Any CPU
	EndGlobalSection
	GlobalSection(ProjectConfigurationPlatforms) = postSolution
		{F8FA43DF-BB42-460F-AF70-0C77ABB024C7}.CheckIn|Any CPU.ActiveCfg = CheckIn|Any CPU
		{F8FA43DF-BB42-460F-AF70-0C77ABB024C7}.CheckIn|Any CPU.Build.0 = CheckIn|Any CPU
		{F8FA43DF-BB42-460F-AF70-0C77ABB024C7}.Debug|Any CPU.ActiveCfg = Debug|Any CPU
		{F8FA43DF-BB42-460F-AF70-0C77ABB024C7}.Debug|Any CPU.Build.0 = Debug|Any CPU
		{F8FA43DF-BB42-460F-AF70-0C77ABB024C7}.Release|Any CPU.ActiveCfg = Release|Any CPU
		{F8FA43DF-BB42-460F-AF70-0C77ABB024C7}.Release|Any CPU.Build.0 = Release|Any CPU
		{1D6D57A0-9FB1-4EFA-BE10-F140CB6319E3}.CheckIn|Any CPU.ActiveCfg = CheckIn|Any CPU
		{1D6D57A0-9FB1-4EFA-BE10-F140CB6319E3}.CheckIn|Any CPU.Build.0 = CheckIn|Any CPU
		{1D6D57A0-9FB1-4EFA-BE10-F140CB6319E3}.Debug|Any CPU.ActiveCfg = Debug|Any CPU
		{1D6D57A0-9FB1-4EFA-BE10-F140CB6319E3}.Debug|Any CPU.Build.0 = Debug|Any CPU
		{1D6D57A0-9FB1-4EFA-BE10-F140CB6319E3}.Release|Any CPU.ActiveCfg = Release|Any CPU
		{1D6D57A0-9FB1-4EFA-BE10-F140CB6319E3}.Release|Any CPU.Build.0 = Release|Any CPU
		{D9065795-82CD-4176-8E79-F94BAA4721F0}.CheckIn|Any CPU.ActiveCfg = Debug|Any CPU
		{D9065795-82CD-4176-8E79-F94BAA4721F0}.CheckIn|Any CPU.Build.0 = Debug|Any CPU
		{D9065795-82CD-4176-8E79-F94BAA4721F0}.Debug|Any CPU.ActiveCfg = Debug|Any CPU
		{D9065795-82CD-4176-8E79-F94BAA4721F0}.Debug|Any CPU.Build.0 = Debug|Any CPU
		{D9065795-82CD-4176-8E79-F94BAA4721F0}.Release|Any CPU.ActiveCfg = Release|Any CPU
		{D9065795-82CD-4176-8E79-F94BAA4721F0}.Release|Any CPU.Build.0 = Release|Any CPU
		{703EBE51-F066-45F6-A342-37F86F50A25B}.CheckIn|Any CPU.ActiveCfg = Debug|Any CPU
		{703EBE51-F066-45F6-A342-37F86F50A25B}.CheckIn|Any CPU.Build.0 = Debug|Any CPU
		{703EBE51-F066-45F6-A342-37F86F50A25B}.Debug|Any CPU.ActiveCfg = Debug|Any CPU
		{703EBE51-F066-45F6-A342-37F86F50A25B}.Debug|Any CPU.Build.0 = Debug|Any CPU
		{703EBE51-F066-45F6-A342-37F86F50A25B}.Release|Any CPU.ActiveCfg = Release|Any CPU
		{703EBE51-F066-45F6-A342-37F86F50A25B}.Release|Any CPU.Build.0 = Release|Any CPU
		{C42FC4B9-35FC-40B9-96D4-4F9A83F97FD1}.CheckIn|Any CPU.ActiveCfg = Debug|Any CPU
		{C42FC4B9-35FC-40B9-96D4-4F9A83F97FD1}.CheckIn|Any CPU.Build.0 = Debug|Any CPU
		{C42FC4B9-35FC-40B9-96D4-4F9A83F97FD1}.Debug|Any CPU.ActiveCfg = Debug|Any CPU
		{C42FC4B9-35FC-40B9-96D4-4F9A83F97FD1}.Debug|Any CPU.Build.0 = Debug|Any CPU
		{C42FC4B9-35FC-40B9-96D4-4F9A83F97FD1}.Release|Any CPU.ActiveCfg = Release|Any CPU
		{C42FC4B9-35FC-40B9-96D4-4F9A83F97FD1}.Release|Any CPU.Build.0 = Release|Any CPU
		{4C136A35-2B7E-437E-9488-ED93B39EC5F6}.CheckIn|Any CPU.ActiveCfg = Debug|Any CPU
		{4C136A35-2B7E-437E-9488-ED93B39EC5F6}.CheckIn|Any CPU.Build.0 = Debug|Any CPU
		{4C136A35-2B7E-437E-9488-ED93B39EC5F6}.Debug|Any CPU.ActiveCfg = Debug|Any CPU
		{4C136A35-2B7E-437E-9488-ED93B39EC5F6}.Debug|Any CPU.Build.0 = Debug|Any CPU
		{4C136A35-2B7E-437E-9488-ED93B39EC5F6}.Release|Any CPU.ActiveCfg = Release|Any CPU
		{4C136A35-2B7E-437E-9488-ED93B39EC5F6}.Release|Any CPU.Build.0 = Release|Any CPU
		{FB006087-4D0F-4BB7-9F5B-604D4143C6F8}.CheckIn|Any CPU.ActiveCfg = Debug|Any CPU
		{FB006087-4D0F-4BB7-9F5B-604D4143C6F8}.CheckIn|Any CPU.Build.0 = Debug|Any CPU
		{FB006087-4D0F-4BB7-9F5B-604D4143C6F8}.Debug|Any CPU.ActiveCfg = Debug|Any CPU
		{FB006087-4D0F-4BB7-9F5B-604D4143C6F8}.Debug|Any CPU.Build.0 = Debug|Any CPU
		{FB006087-4D0F-4BB7-9F5B-604D4143C6F8}.Release|Any CPU.ActiveCfg = Release|Any CPU
		{FB006087-4D0F-4BB7-9F5B-604D4143C6F8}.Release|Any CPU.Build.0 = Release|Any CPU
		{9C90FC91-0C87-43DB-AF1E-1C406CC10B6E}.CheckIn|Any CPU.ActiveCfg = Debug|Any CPU
		{9C90FC91-0C87-43DB-AF1E-1C406CC10B6E}.CheckIn|Any CPU.Build.0 = Debug|Any CPU
		{9C90FC91-0C87-43DB-AF1E-1C406CC10B6E}.Debug|Any CPU.ActiveCfg = Debug|Any CPU
		{9C90FC91-0C87-43DB-AF1E-1C406CC10B6E}.Debug|Any CPU.Build.0 = Debug|Any CPU
		{9C90FC91-0C87-43DB-AF1E-1C406CC10B6E}.Release|Any CPU.ActiveCfg = Release|Any CPU
		{9C90FC91-0C87-43DB-AF1E-1C406CC10B6E}.Release|Any CPU.Build.0 = Release|Any CPU
		{400F7F82-2C6E-494B-A192-9A76D2603321}.CheckIn|Any CPU.ActiveCfg = Debug|Any CPU
		{400F7F82-2C6E-494B-A192-9A76D2603321}.CheckIn|Any CPU.Build.0 = Debug|Any CPU
		{400F7F82-2C6E-494B-A192-9A76D2603321}.Debug|Any CPU.ActiveCfg = Debug|Any CPU
		{400F7F82-2C6E-494B-A192-9A76D2603321}.Debug|Any CPU.Build.0 = Debug|Any CPU
		{400F7F82-2C6E-494B-A192-9A76D2603321}.Release|Any CPU.ActiveCfg = Release|Any CPU
		{400F7F82-2C6E-494B-A192-9A76D2603321}.Release|Any CPU.Build.0 = Release|Any CPU
		{C75D664C-BE8F-4208-A918-F46BE94F000E}.CheckIn|Any CPU.ActiveCfg = Debug|Any CPU
		{C75D664C-BE8F-4208-A918-F46BE94F000E}.CheckIn|Any CPU.Build.0 = Debug|Any CPU
		{C75D664C-BE8F-4208-A918-F46BE94F000E}.Debug|Any CPU.ActiveCfg = Debug|Any CPU
		{C75D664C-BE8F-4208-A918-F46BE94F000E}.Debug|Any CPU.Build.0 = Debug|Any CPU
		{C75D664C-BE8F-4208-A918-F46BE94F000E}.Release|Any CPU.ActiveCfg = Release|Any CPU
		{C75D664C-BE8F-4208-A918-F46BE94F000E}.Release|Any CPU.Build.0 = Release|Any CPU
		{2442438C-0368-49FF-AB10-81FD8C98A930}.CheckIn|Any CPU.ActiveCfg = Debug|Any CPU
		{2442438C-0368-49FF-AB10-81FD8C98A930}.CheckIn|Any CPU.Build.0 = Debug|Any CPU
		{2442438C-0368-49FF-AB10-81FD8C98A930}.Debug|Any CPU.ActiveCfg = Debug|Any CPU
		{2442438C-0368-49FF-AB10-81FD8C98A930}.Debug|Any CPU.Build.0 = Debug|Any CPU
		{2442438C-0368-49FF-AB10-81FD8C98A930}.Release|Any CPU.ActiveCfg = Release|Any CPU
		{2442438C-0368-49FF-AB10-81FD8C98A930}.Release|Any CPU.Build.0 = Release|Any CPU
		{EF41F1D5-8B06-4C8F-B3FB-7E2F22255CAB}.CheckIn|Any CPU.ActiveCfg = Debug|Any CPU
		{EF41F1D5-8B06-4C8F-B3FB-7E2F22255CAB}.CheckIn|Any CPU.Build.0 = Debug|Any CPU
		{EF41F1D5-8B06-4C8F-B3FB-7E2F22255CAB}.Debug|Any CPU.ActiveCfg = Debug|Any CPU
		{EF41F1D5-8B06-4C8F-B3FB-7E2F22255CAB}.Debug|Any CPU.Build.0 = Debug|Any CPU
		{EF41F1D5-8B06-4C8F-B3FB-7E2F22255CAB}.Release|Any CPU.ActiveCfg = Release|Any CPU
		{EF41F1D5-8B06-4C8F-B3FB-7E2F22255CAB}.Release|Any CPU.Build.0 = Release|Any CPU
		{825EFFFB-9AAE-4D9F-A22C-FBFB835A0B1C}.CheckIn|Any CPU.ActiveCfg = Debug|Any CPU
		{825EFFFB-9AAE-4D9F-A22C-FBFB835A0B1C}.CheckIn|Any CPU.Build.0 = Debug|Any CPU
		{825EFFFB-9AAE-4D9F-A22C-FBFB835A0B1C}.Debug|Any CPU.ActiveCfg = Debug|Any CPU
		{825EFFFB-9AAE-4D9F-A22C-FBFB835A0B1C}.Debug|Any CPU.Build.0 = Debug|Any CPU
		{825EFFFB-9AAE-4D9F-A22C-FBFB835A0B1C}.Release|Any CPU.ActiveCfg = Release|Any CPU
		{825EFFFB-9AAE-4D9F-A22C-FBFB835A0B1C}.Release|Any CPU.Build.0 = Release|Any CPU
		{8C44A48C-5F33-48F7-B67E-352E30E3F374}.CheckIn|Any CPU.ActiveCfg = Debug|Any CPU
		{8C44A48C-5F33-48F7-B67E-352E30E3F374}.CheckIn|Any CPU.Build.0 = Debug|Any CPU
		{8C44A48C-5F33-48F7-B67E-352E30E3F374}.Debug|Any CPU.ActiveCfg = Debug|Any CPU
		{8C44A48C-5F33-48F7-B67E-352E30E3F374}.Debug|Any CPU.Build.0 = Debug|Any CPU
		{8C44A48C-5F33-48F7-B67E-352E30E3F374}.Release|Any CPU.ActiveCfg = Release|Any CPU
		{8C44A48C-5F33-48F7-B67E-352E30E3F374}.Release|Any CPU.Build.0 = Release|Any CPU
		{50257D48-DD9E-4F80-B5C5-F963D3D20699}.CheckIn|Any CPU.ActiveCfg = Debug|Any CPU
		{50257D48-DD9E-4F80-B5C5-F963D3D20699}.CheckIn|Any CPU.Build.0 = Debug|Any CPU
		{50257D48-DD9E-4F80-B5C5-F963D3D20699}.Debug|Any CPU.ActiveCfg = Debug|Any CPU
		{50257D48-DD9E-4F80-B5C5-F963D3D20699}.Debug|Any CPU.Build.0 = Debug|Any CPU
		{50257D48-DD9E-4F80-B5C5-F963D3D20699}.Release|Any CPU.ActiveCfg = Release|Any CPU
		{50257D48-DD9E-4F80-B5C5-F963D3D20699}.Release|Any CPU.Build.0 = Release|Any CPU
		{E6EB781C-3ECC-400F-B628-ABAA7C66009F}.CheckIn|Any CPU.ActiveCfg = Debug|Any CPU
		{E6EB781C-3ECC-400F-B628-ABAA7C66009F}.CheckIn|Any CPU.Build.0 = Debug|Any CPU
		{E6EB781C-3ECC-400F-B628-ABAA7C66009F}.Debug|Any CPU.ActiveCfg = Debug|Any CPU
		{E6EB781C-3ECC-400F-B628-ABAA7C66009F}.Debug|Any CPU.Build.0 = Debug|Any CPU
		{E6EB781C-3ECC-400F-B628-ABAA7C66009F}.Release|Any CPU.ActiveCfg = Release|Any CPU
		{E6EB781C-3ECC-400F-B628-ABAA7C66009F}.Release|Any CPU.Build.0 = Release|Any CPU
		{B7137658-76EB-4594-A656-D86856CBA830}.CheckIn|Any CPU.ActiveCfg = Debug|Any CPU
		{B7137658-76EB-4594-A656-D86856CBA830}.CheckIn|Any CPU.Build.0 = Debug|Any CPU
		{B7137658-76EB-4594-A656-D86856CBA830}.Debug|Any CPU.ActiveCfg = Debug|Any CPU
		{B7137658-76EB-4594-A656-D86856CBA830}.Debug|Any CPU.Build.0 = Debug|Any CPU
		{B7137658-76EB-4594-A656-D86856CBA830}.Release|Any CPU.ActiveCfg = Release|Any CPU
		{B7137658-76EB-4594-A656-D86856CBA830}.Release|Any CPU.Build.0 = Release|Any CPU
		{B6CD4160-D26F-41BB-AF4E-318C0664A007}.CheckIn|Any CPU.ActiveCfg = Debug|Any CPU
		{B6CD4160-D26F-41BB-AF4E-318C0664A007}.CheckIn|Any CPU.Build.0 = Debug|Any CPU
		{B6CD4160-D26F-41BB-AF4E-318C0664A007}.Debug|Any CPU.ActiveCfg = Debug|Any CPU
		{B6CD4160-D26F-41BB-AF4E-318C0664A007}.Debug|Any CPU.Build.0 = Debug|Any CPU
		{B6CD4160-D26F-41BB-AF4E-318C0664A007}.Release|Any CPU.ActiveCfg = Release|Any CPU
		{B6CD4160-D26F-41BB-AF4E-318C0664A007}.Release|Any CPU.Build.0 = Release|Any CPU
		{A207F0F3-5348-4777-BE20-9771A49EF59E}.CheckIn|Any CPU.ActiveCfg = Debug|Any CPU
		{A207F0F3-5348-4777-BE20-9771A49EF59E}.CheckIn|Any CPU.Build.0 = Debug|Any CPU
		{A207F0F3-5348-4777-BE20-9771A49EF59E}.Debug|Any CPU.ActiveCfg = Debug|Any CPU
		{A207F0F3-5348-4777-BE20-9771A49EF59E}.Debug|Any CPU.Build.0 = Debug|Any CPU
		{A207F0F3-5348-4777-BE20-9771A49EF59E}.Release|Any CPU.ActiveCfg = Release|Any CPU
		{A207F0F3-5348-4777-BE20-9771A49EF59E}.Release|Any CPU.Build.0 = Release|Any CPU
		{67F80F9C-0F51-4DC2-A0E1-1CECF737A9DE}.CheckIn|Any CPU.ActiveCfg = Debug|Any CPU
		{67F80F9C-0F51-4DC2-A0E1-1CECF737A9DE}.CheckIn|Any CPU.Build.0 = Debug|Any CPU
		{67F80F9C-0F51-4DC2-A0E1-1CECF737A9DE}.Debug|Any CPU.ActiveCfg = Debug|Any CPU
		{67F80F9C-0F51-4DC2-A0E1-1CECF737A9DE}.Debug|Any CPU.Build.0 = Debug|Any CPU
		{67F80F9C-0F51-4DC2-A0E1-1CECF737A9DE}.Release|Any CPU.ActiveCfg = Release|Any CPU
		{67F80F9C-0F51-4DC2-A0E1-1CECF737A9DE}.Release|Any CPU.Build.0 = Release|Any CPU
		{88D91CF4-4058-45B4-BD89-3D7F1D750312}.CheckIn|Any CPU.ActiveCfg = Debug|Any CPU
		{88D91CF4-4058-45B4-BD89-3D7F1D750312}.CheckIn|Any CPU.Build.0 = Debug|Any CPU
		{88D91CF4-4058-45B4-BD89-3D7F1D750312}.Debug|Any CPU.ActiveCfg = Debug|Any CPU
		{88D91CF4-4058-45B4-BD89-3D7F1D750312}.Debug|Any CPU.Build.0 = Debug|Any CPU
		{88D91CF4-4058-45B4-BD89-3D7F1D750312}.Release|Any CPU.ActiveCfg = Release|Any CPU
		{88D91CF4-4058-45B4-BD89-3D7F1D750312}.Release|Any CPU.Build.0 = Release|Any CPU
		{F58F6FFF-40AE-492A-AF7F-313A6EB8712B}.CheckIn|Any CPU.ActiveCfg = Debug|Any CPU
		{F58F6FFF-40AE-492A-AF7F-313A6EB8712B}.CheckIn|Any CPU.Build.0 = Debug|Any CPU
		{F58F6FFF-40AE-492A-AF7F-313A6EB8712B}.Debug|Any CPU.ActiveCfg = Debug|Any CPU
		{F58F6FFF-40AE-492A-AF7F-313A6EB8712B}.Debug|Any CPU.Build.0 = Debug|Any CPU
		{F58F6FFF-40AE-492A-AF7F-313A6EB8712B}.Release|Any CPU.ActiveCfg = Release|Any CPU
		{F58F6FFF-40AE-492A-AF7F-313A6EB8712B}.Release|Any CPU.Build.0 = Release|Any CPU
		{4B551F72-35FA-49E0-8CC4-EC114532BE50}.CheckIn|Any CPU.ActiveCfg = Debug|Any CPU
		{4B551F72-35FA-49E0-8CC4-EC114532BE50}.CheckIn|Any CPU.Build.0 = Debug|Any CPU
		{4B551F72-35FA-49E0-8CC4-EC114532BE50}.Debug|Any CPU.ActiveCfg = Debug|Any CPU
		{4B551F72-35FA-49E0-8CC4-EC114532BE50}.Debug|Any CPU.Build.0 = Debug|Any CPU
		{4B551F72-35FA-49E0-8CC4-EC114532BE50}.Release|Any CPU.ActiveCfg = Release|Any CPU
		{4B551F72-35FA-49E0-8CC4-EC114532BE50}.Release|Any CPU.Build.0 = Release|Any CPU
		{E079412D-7176-4659-966C-1987F0E1DE34}.CheckIn|Any CPU.ActiveCfg = Debug|Any CPU
		{E079412D-7176-4659-966C-1987F0E1DE34}.CheckIn|Any CPU.Build.0 = Debug|Any CPU
		{E079412D-7176-4659-966C-1987F0E1DE34}.Debug|Any CPU.ActiveCfg = Debug|Any CPU
		{E079412D-7176-4659-966C-1987F0E1DE34}.Debug|Any CPU.Build.0 = Debug|Any CPU
		{E079412D-7176-4659-966C-1987F0E1DE34}.Release|Any CPU.ActiveCfg = Release|Any CPU
		{E079412D-7176-4659-966C-1987F0E1DE34}.Release|Any CPU.Build.0 = Release|Any CPU
		{7914B214-70B0-4CBC-A95C-9EDB7BA731AF}.CheckIn|Any CPU.ActiveCfg = Debug|Any CPU
		{7914B214-70B0-4CBC-A95C-9EDB7BA731AF}.CheckIn|Any CPU.Build.0 = Debug|Any CPU
		{7914B214-70B0-4CBC-A95C-9EDB7BA731AF}.Debug|Any CPU.ActiveCfg = Debug|Any CPU
		{7914B214-70B0-4CBC-A95C-9EDB7BA731AF}.Debug|Any CPU.Build.0 = Debug|Any CPU
		{7914B214-70B0-4CBC-A95C-9EDB7BA731AF}.Release|Any CPU.ActiveCfg = Release|Any CPU
		{7914B214-70B0-4CBC-A95C-9EDB7BA731AF}.Release|Any CPU.Build.0 = Release|Any CPU
		{1F734561-8613-4D98-AFDF-61708E3A44C3}.CheckIn|Any CPU.ActiveCfg = Debug|Any CPU
		{1F734561-8613-4D98-AFDF-61708E3A44C3}.CheckIn|Any CPU.Build.0 = Debug|Any CPU
		{1F734561-8613-4D98-AFDF-61708E3A44C3}.Debug|Any CPU.ActiveCfg = Debug|Any CPU
		{1F734561-8613-4D98-AFDF-61708E3A44C3}.Debug|Any CPU.Build.0 = Debug|Any CPU
		{1F734561-8613-4D98-AFDF-61708E3A44C3}.Release|Any CPU.ActiveCfg = Release|Any CPU
		{1F734561-8613-4D98-AFDF-61708E3A44C3}.Release|Any CPU.Build.0 = Release|Any CPU
		{A07DD2CD-61EE-4C97-9782-417DAD8DCD93}.CheckIn|Any CPU.ActiveCfg = Debug|Any CPU
		{A07DD2CD-61EE-4C97-9782-417DAD8DCD93}.CheckIn|Any CPU.Build.0 = Debug|Any CPU
		{A07DD2CD-61EE-4C97-9782-417DAD8DCD93}.Debug|Any CPU.ActiveCfg = Debug|Any CPU
		{A07DD2CD-61EE-4C97-9782-417DAD8DCD93}.Debug|Any CPU.Build.0 = Debug|Any CPU
		{A07DD2CD-61EE-4C97-9782-417DAD8DCD93}.Release|Any CPU.ActiveCfg = Release|Any CPU
		{A07DD2CD-61EE-4C97-9782-417DAD8DCD93}.Release|Any CPU.Build.0 = Release|Any CPU
		{34B88445-8FA5-4341-8B13-C2C6558F189A}.CheckIn|Any CPU.ActiveCfg = Debug|Any CPU
		{34B88445-8FA5-4341-8B13-C2C6558F189A}.CheckIn|Any CPU.Build.0 = Debug|Any CPU
		{34B88445-8FA5-4341-8B13-C2C6558F189A}.Debug|Any CPU.ActiveCfg = Debug|Any CPU
		{34B88445-8FA5-4341-8B13-C2C6558F189A}.Debug|Any CPU.Build.0 = Debug|Any CPU
		{34B88445-8FA5-4341-8B13-C2C6558F189A}.Release|Any CPU.ActiveCfg = Release|Any CPU
		{34B88445-8FA5-4341-8B13-C2C6558F189A}.Release|Any CPU.Build.0 = Release|Any CPU
		{99F1AAFB-798C-48A9-8D81-79DEC7047048}.CheckIn|Any CPU.ActiveCfg = Debug|Any CPU
		{99F1AAFB-798C-48A9-8D81-79DEC7047048}.CheckIn|Any CPU.Build.0 = Debug|Any CPU
		{99F1AAFB-798C-48A9-8D81-79DEC7047048}.Debug|Any CPU.ActiveCfg = Debug|Any CPU
		{99F1AAFB-798C-48A9-8D81-79DEC7047048}.Debug|Any CPU.Build.0 = Debug|Any CPU
		{99F1AAFB-798C-48A9-8D81-79DEC7047048}.Release|Any CPU.ActiveCfg = Release|Any CPU
		{99F1AAFB-798C-48A9-8D81-79DEC7047048}.Release|Any CPU.Build.0 = Release|Any CPU
		{6E76BAB1-9F6F-44D6-8EFF-D181871EC9F7}.CheckIn|Any CPU.ActiveCfg = Debug|Any CPU
		{6E76BAB1-9F6F-44D6-8EFF-D181871EC9F7}.CheckIn|Any CPU.Build.0 = Debug|Any CPU
		{6E76BAB1-9F6F-44D6-8EFF-D181871EC9F7}.Debug|Any CPU.ActiveCfg = Debug|Any CPU
		{6E76BAB1-9F6F-44D6-8EFF-D181871EC9F7}.Debug|Any CPU.Build.0 = Debug|Any CPU
		{6E76BAB1-9F6F-44D6-8EFF-D181871EC9F7}.Release|Any CPU.ActiveCfg = Release|Any CPU
		{6E76BAB1-9F6F-44D6-8EFF-D181871EC9F7}.Release|Any CPU.Build.0 = Release|Any CPU
		{C27E9808-5F32-4302-872C-CF5F5A5C00A8}.CheckIn|Any CPU.ActiveCfg = Debug|Any CPU
		{C27E9808-5F32-4302-872C-CF5F5A5C00A8}.CheckIn|Any CPU.Build.0 = Debug|Any CPU
		{C27E9808-5F32-4302-872C-CF5F5A5C00A8}.Debug|Any CPU.ActiveCfg = Debug|Any CPU
		{C27E9808-5F32-4302-872C-CF5F5A5C00A8}.Debug|Any CPU.Build.0 = Debug|Any CPU
		{C27E9808-5F32-4302-872C-CF5F5A5C00A8}.Release|Any CPU.ActiveCfg = Release|Any CPU
		{C27E9808-5F32-4302-872C-CF5F5A5C00A8}.Release|Any CPU.Build.0 = Release|Any CPU
		{E00237C6-76CA-4D00-A5B0-E0212F243C8E}.CheckIn|Any CPU.ActiveCfg = Debug|Any CPU
		{E00237C6-76CA-4D00-A5B0-E0212F243C8E}.CheckIn|Any CPU.Build.0 = Debug|Any CPU
		{E00237C6-76CA-4D00-A5B0-E0212F243C8E}.Debug|Any CPU.ActiveCfg = Debug|Any CPU
		{E00237C6-76CA-4D00-A5B0-E0212F243C8E}.Debug|Any CPU.Build.0 = Debug|Any CPU
		{E00237C6-76CA-4D00-A5B0-E0212F243C8E}.Release|Any CPU.ActiveCfg = Release|Any CPU
		{E00237C6-76CA-4D00-A5B0-E0212F243C8E}.Release|Any CPU.Build.0 = Release|Any CPU
		{2BE37E78-A3D0-4272-BA06-761B596559DE}.CheckIn|Any CPU.ActiveCfg = Debug|Any CPU
		{2BE37E78-A3D0-4272-BA06-761B596559DE}.CheckIn|Any CPU.Build.0 = Debug|Any CPU
		{2BE37E78-A3D0-4272-BA06-761B596559DE}.Debug|Any CPU.ActiveCfg = Debug|Any CPU
		{2BE37E78-A3D0-4272-BA06-761B596559DE}.Debug|Any CPU.Build.0 = Debug|Any CPU
		{2BE37E78-A3D0-4272-BA06-761B596559DE}.Release|Any CPU.ActiveCfg = Release|Any CPU
		{2BE37E78-A3D0-4272-BA06-761B596559DE}.Release|Any CPU.Build.0 = Release|Any CPU
		{D5E6E78E-33EC-4C59-9A73-C1E2117729BD}.CheckIn|Any CPU.ActiveCfg = Debug|Any CPU
		{D5E6E78E-33EC-4C59-9A73-C1E2117729BD}.CheckIn|Any CPU.Build.0 = Debug|Any CPU
		{D5E6E78E-33EC-4C59-9A73-C1E2117729BD}.Debug|Any CPU.ActiveCfg = Debug|Any CPU
		{D5E6E78E-33EC-4C59-9A73-C1E2117729BD}.Debug|Any CPU.Build.0 = Debug|Any CPU
		{D5E6E78E-33EC-4C59-9A73-C1E2117729BD}.Release|Any CPU.ActiveCfg = Release|Any CPU
		{D5E6E78E-33EC-4C59-9A73-C1E2117729BD}.Release|Any CPU.Build.0 = Release|Any CPU
		{5A853E2B-A6D0-42B3-AC76-4F916A378E81}.CheckIn|Any CPU.ActiveCfg = Debug|Any CPU
		{5A853E2B-A6D0-42B3-AC76-4F916A378E81}.CheckIn|Any CPU.Build.0 = Debug|Any CPU
		{5A853E2B-A6D0-42B3-AC76-4F916A378E81}.Debug|Any CPU.ActiveCfg = Debug|Any CPU
		{5A853E2B-A6D0-42B3-AC76-4F916A378E81}.Debug|Any CPU.Build.0 = Debug|Any CPU
		{5A853E2B-A6D0-42B3-AC76-4F916A378E81}.Release|Any CPU.ActiveCfg = Release|Any CPU
		{5A853E2B-A6D0-42B3-AC76-4F916A378E81}.Release|Any CPU.Build.0 = Release|Any CPU
		{5BD16AB0-7285-4C47-9DB2-D72F284E9B2C}.CheckIn|Any CPU.ActiveCfg = Debug|Any CPU
		{5BD16AB0-7285-4C47-9DB2-D72F284E9B2C}.CheckIn|Any CPU.Build.0 = Debug|Any CPU
		{5BD16AB0-7285-4C47-9DB2-D72F284E9B2C}.Debug|Any CPU.ActiveCfg = Debug|Any CPU
		{5BD16AB0-7285-4C47-9DB2-D72F284E9B2C}.Debug|Any CPU.Build.0 = Debug|Any CPU
		{5BD16AB0-7285-4C47-9DB2-D72F284E9B2C}.Release|Any CPU.ActiveCfg = Release|Any CPU
		{5BD16AB0-7285-4C47-9DB2-D72F284E9B2C}.Release|Any CPU.Build.0 = Release|Any CPU
		{7B7266F1-EA1D-4C76-9A49-B7B31521F533}.CheckIn|Any CPU.ActiveCfg = Debug|Any CPU
		{7B7266F1-EA1D-4C76-9A49-B7B31521F533}.CheckIn|Any CPU.Build.0 = Debug|Any CPU
		{7B7266F1-EA1D-4C76-9A49-B7B31521F533}.Debug|Any CPU.ActiveCfg = Debug|Any CPU
		{7B7266F1-EA1D-4C76-9A49-B7B31521F533}.Debug|Any CPU.Build.0 = Debug|Any CPU
		{7B7266F1-EA1D-4C76-9A49-B7B31521F533}.Release|Any CPU.ActiveCfg = Release|Any CPU
		{7B7266F1-EA1D-4C76-9A49-B7B31521F533}.Release|Any CPU.Build.0 = Release|Any CPU
		{2403BA9B-500F-4965-A717-4ECEF96DA31C}.CheckIn|Any CPU.ActiveCfg = Debug|Any CPU
		{2403BA9B-500F-4965-A717-4ECEF96DA31C}.CheckIn|Any CPU.Build.0 = Debug|Any CPU
		{2403BA9B-500F-4965-A717-4ECEF96DA31C}.Debug|Any CPU.ActiveCfg = Debug|Any CPU
		{2403BA9B-500F-4965-A717-4ECEF96DA31C}.Debug|Any CPU.Build.0 = Debug|Any CPU
		{2403BA9B-500F-4965-A717-4ECEF96DA31C}.Release|Any CPU.ActiveCfg = Release|Any CPU
		{2403BA9B-500F-4965-A717-4ECEF96DA31C}.Release|Any CPU.Build.0 = Release|Any CPU
		{C1D9523D-7E00-41FF-B539-8BE82FB90A43}.CheckIn|Any CPU.ActiveCfg = Debug|Any CPU
		{C1D9523D-7E00-41FF-B539-8BE82FB90A43}.CheckIn|Any CPU.Build.0 = Debug|Any CPU
		{C1D9523D-7E00-41FF-B539-8BE82FB90A43}.Debug|Any CPU.ActiveCfg = Debug|Any CPU
		{C1D9523D-7E00-41FF-B539-8BE82FB90A43}.Debug|Any CPU.Build.0 = Debug|Any CPU
		{C1D9523D-7E00-41FF-B539-8BE82FB90A43}.Release|Any CPU.ActiveCfg = Release|Any CPU
		{C1D9523D-7E00-41FF-B539-8BE82FB90A43}.Release|Any CPU.Build.0 = Release|Any CPU
		{7AD367B4-C54A-42E2-AFEC-6663CC8847BC}.CheckIn|Any CPU.ActiveCfg = Debug|Any CPU
		{7AD367B4-C54A-42E2-AFEC-6663CC8847BC}.CheckIn|Any CPU.Build.0 = Debug|Any CPU
		{7AD367B4-C54A-42E2-AFEC-6663CC8847BC}.Debug|Any CPU.ActiveCfg = Debug|Any CPU
		{7AD367B4-C54A-42E2-AFEC-6663CC8847BC}.Debug|Any CPU.Build.0 = Debug|Any CPU
		{7AD367B4-C54A-42E2-AFEC-6663CC8847BC}.Release|Any CPU.ActiveCfg = Release|Any CPU
		{7AD367B4-C54A-42E2-AFEC-6663CC8847BC}.Release|Any CPU.Build.0 = Release|Any CPU
		{73C7A3DC-9ED6-4142-AC92-B7E96211FC51}.CheckIn|Any CPU.ActiveCfg = Debug|Any CPU
		{73C7A3DC-9ED6-4142-AC92-B7E96211FC51}.CheckIn|Any CPU.Build.0 = Debug|Any CPU
		{73C7A3DC-9ED6-4142-AC92-B7E96211FC51}.Debug|Any CPU.ActiveCfg = Debug|Any CPU
		{73C7A3DC-9ED6-4142-AC92-B7E96211FC51}.Debug|Any CPU.Build.0 = Debug|Any CPU
		{73C7A3DC-9ED6-4142-AC92-B7E96211FC51}.Release|Any CPU.ActiveCfg = Release|Any CPU
		{73C7A3DC-9ED6-4142-AC92-B7E96211FC51}.Release|Any CPU.Build.0 = Release|Any CPU
		{E63E7480-E49C-4190-AE7F-4224CFB4BE75}.CheckIn|Any CPU.ActiveCfg = Debug|Any CPU
		{E63E7480-E49C-4190-AE7F-4224CFB4BE75}.CheckIn|Any CPU.Build.0 = Debug|Any CPU
		{E63E7480-E49C-4190-AE7F-4224CFB4BE75}.Debug|Any CPU.ActiveCfg = Debug|Any CPU
		{E63E7480-E49C-4190-AE7F-4224CFB4BE75}.Debug|Any CPU.Build.0 = Debug|Any CPU
		{E63E7480-E49C-4190-AE7F-4224CFB4BE75}.Release|Any CPU.ActiveCfg = Release|Any CPU
		{E63E7480-E49C-4190-AE7F-4224CFB4BE75}.Release|Any CPU.Build.0 = Release|Any CPU
		{F1A01E9B-C39A-4955-9158-24F6132887C6}.CheckIn|Any CPU.ActiveCfg = Debug|Any CPU
		{F1A01E9B-C39A-4955-9158-24F6132887C6}.CheckIn|Any CPU.Build.0 = Debug|Any CPU
		{F1A01E9B-C39A-4955-9158-24F6132887C6}.Debug|Any CPU.ActiveCfg = Debug|Any CPU
		{F1A01E9B-C39A-4955-9158-24F6132887C6}.Debug|Any CPU.Build.0 = Debug|Any CPU
		{F1A01E9B-C39A-4955-9158-24F6132887C6}.Release|Any CPU.ActiveCfg = Release|Any CPU
		{F1A01E9B-C39A-4955-9158-24F6132887C6}.Release|Any CPU.Build.0 = Release|Any CPU
		{7B2B9E09-587A-42E9-B7E3-51FC5E82B622}.CheckIn|Any CPU.ActiveCfg = Debug|Any CPU
		{7B2B9E09-587A-42E9-B7E3-51FC5E82B622}.CheckIn|Any CPU.Build.0 = Debug|Any CPU
		{7B2B9E09-587A-42E9-B7E3-51FC5E82B622}.Debug|Any CPU.ActiveCfg = Debug|Any CPU
		{7B2B9E09-587A-42E9-B7E3-51FC5E82B622}.Debug|Any CPU.Build.0 = Debug|Any CPU
		{7B2B9E09-587A-42E9-B7E3-51FC5E82B622}.Release|Any CPU.ActiveCfg = Release|Any CPU
		{7B2B9E09-587A-42E9-B7E3-51FC5E82B622}.Release|Any CPU.Build.0 = Release|Any CPU
		{EEB2B842-98D5-4A96-8082-D545FBDD5169}.CheckIn|Any CPU.ActiveCfg = Debug|Any CPU
		{EEB2B842-98D5-4A96-8082-D545FBDD5169}.CheckIn|Any CPU.Build.0 = Debug|Any CPU
		{EEB2B842-98D5-4A96-8082-D545FBDD5169}.Debug|Any CPU.ActiveCfg = Debug|Any CPU
		{EEB2B842-98D5-4A96-8082-D545FBDD5169}.Debug|Any CPU.Build.0 = Debug|Any CPU
		{EEB2B842-98D5-4A96-8082-D545FBDD5169}.Release|Any CPU.ActiveCfg = Release|Any CPU
		{EEB2B842-98D5-4A96-8082-D545FBDD5169}.Release|Any CPU.Build.0 = Release|Any CPU
		{8FE74025-87D6-4DB1-82E9-9ABDD5961357}.CheckIn|Any CPU.ActiveCfg = Debug|Any CPU
		{8FE74025-87D6-4DB1-82E9-9ABDD5961357}.CheckIn|Any CPU.Build.0 = Debug|Any CPU
		{8FE74025-87D6-4DB1-82E9-9ABDD5961357}.Debug|Any CPU.ActiveCfg = Debug|Any CPU
		{8FE74025-87D6-4DB1-82E9-9ABDD5961357}.Debug|Any CPU.Build.0 = Debug|Any CPU
		{8FE74025-87D6-4DB1-82E9-9ABDD5961357}.Release|Any CPU.ActiveCfg = Release|Any CPU
		{8FE74025-87D6-4DB1-82E9-9ABDD5961357}.Release|Any CPU.Build.0 = Release|Any CPU
		{ABAD136A-8F84-4D76-9D72-842357C483A2}.CheckIn|Any CPU.ActiveCfg = Debug|Any CPU
		{ABAD136A-8F84-4D76-9D72-842357C483A2}.CheckIn|Any CPU.Build.0 = Debug|Any CPU
		{ABAD136A-8F84-4D76-9D72-842357C483A2}.Debug|Any CPU.ActiveCfg = Debug|Any CPU
		{ABAD136A-8F84-4D76-9D72-842357C483A2}.Debug|Any CPU.Build.0 = Debug|Any CPU
		{ABAD136A-8F84-4D76-9D72-842357C483A2}.Release|Any CPU.ActiveCfg = Release|Any CPU
		{ABAD136A-8F84-4D76-9D72-842357C483A2}.Release|Any CPU.Build.0 = Release|Any CPU
		{873EF789-E92E-49C4-A606-6AB31A371201}.CheckIn|Any CPU.ActiveCfg = Debug|Any CPU
		{873EF789-E92E-49C4-A606-6AB31A371201}.CheckIn|Any CPU.Build.0 = Debug|Any CPU
		{873EF789-E92E-49C4-A606-6AB31A371201}.Debug|Any CPU.ActiveCfg = Debug|Any CPU
		{873EF789-E92E-49C4-A606-6AB31A371201}.Debug|Any CPU.Build.0 = Debug|Any CPU
		{873EF789-E92E-49C4-A606-6AB31A371201}.Release|Any CPU.ActiveCfg = Release|Any CPU
		{873EF789-E92E-49C4-A606-6AB31A371201}.Release|Any CPU.Build.0 = Release|Any CPU
	EndGlobalSection
	GlobalSection(SolutionProperties) = preSolution
		HideSolutionNode = FALSE
	EndGlobalSection
	GlobalSection(NestedProjects) = preSolution
		{F8FA43DF-BB42-460F-AF70-0C77ABB024C7} = {AB960E0C-7C55-4550-BA97-F14C4F29B7EE}
		{1D6D57A0-9FB1-4EFA-BE10-F140CB6319E3} = {AB960E0C-7C55-4550-BA97-F14C4F29B7EE}
		{D9065795-82CD-4176-8E79-F94BAA4721F0} = {AB960E0C-7C55-4550-BA97-F14C4F29B7EE}
		{703EBE51-F066-45F6-A342-37F86F50A25B} = {AB960E0C-7C55-4550-BA97-F14C4F29B7EE}
		{C42FC4B9-35FC-40B9-96D4-4F9A83F97FD1} = {AB960E0C-7C55-4550-BA97-F14C4F29B7EE}
		{4C136A35-2B7E-437E-9488-ED93B39EC5F6} = {AB960E0C-7C55-4550-BA97-F14C4F29B7EE}
		{FB006087-4D0F-4BB7-9F5B-604D4143C6F8} = {AB960E0C-7C55-4550-BA97-F14C4F29B7EE}
		{9C90FC91-0C87-43DB-AF1E-1C406CC10B6E} = {AB960E0C-7C55-4550-BA97-F14C4F29B7EE}
		{400F7F82-2C6E-494B-A192-9A76D2603321} = {4409FDF7-82BD-4A89-A17C-E49E1D6B7299}
		{C75D664C-BE8F-4208-A918-F46BE94F000E} = {4409FDF7-82BD-4A89-A17C-E49E1D6B7299}
		{2442438C-0368-49FF-AB10-81FD8C98A930} = {4409FDF7-82BD-4A89-A17C-E49E1D6B7299}
		{EF41F1D5-8B06-4C8F-B3FB-7E2F22255CAB} = {4409FDF7-82BD-4A89-A17C-E49E1D6B7299}
		{825EFFFB-9AAE-4D9F-A22C-FBFB835A0B1C} = {4409FDF7-82BD-4A89-A17C-E49E1D6B7299}
		{8C44A48C-5F33-48F7-B67E-352E30E3F374} = {4409FDF7-82BD-4A89-A17C-E49E1D6B7299}
		{50257D48-DD9E-4F80-B5C5-F963D3D20699} = {4409FDF7-82BD-4A89-A17C-E49E1D6B7299}
		{E6EB781C-3ECC-400F-B628-ABAA7C66009F} = {4409FDF7-82BD-4A89-A17C-E49E1D6B7299}
		{B7137658-76EB-4594-A656-D86856CBA830} = {4409FDF7-82BD-4A89-A17C-E49E1D6B7299}
		{B6CD4160-D26F-41BB-AF4E-318C0664A007} = {4409FDF7-82BD-4A89-A17C-E49E1D6B7299}
		{A207F0F3-5348-4777-BE20-9771A49EF59E} = {4409FDF7-82BD-4A89-A17C-E49E1D6B7299}
		{67F80F9C-0F51-4DC2-A0E1-1CECF737A9DE} = {4409FDF7-82BD-4A89-A17C-E49E1D6B7299}
		{88D91CF4-4058-45B4-BD89-3D7F1D750312} = {4409FDF7-82BD-4A89-A17C-E49E1D6B7299}
		{F58F6FFF-40AE-492A-AF7F-313A6EB8712B} = {4409FDF7-82BD-4A89-A17C-E49E1D6B7299}
		{4B551F72-35FA-49E0-8CC4-EC114532BE50} = {4409FDF7-82BD-4A89-A17C-E49E1D6B7299}
		{E079412D-7176-4659-966C-1987F0E1DE34} = {4409FDF7-82BD-4A89-A17C-E49E1D6B7299}
		{7914B214-70B0-4CBC-A95C-9EDB7BA731AF} = {4409FDF7-82BD-4A89-A17C-E49E1D6B7299}
		{1F734561-8613-4D98-AFDF-61708E3A44C3} = {4409FDF7-82BD-4A89-A17C-E49E1D6B7299}
		{A07DD2CD-61EE-4C97-9782-417DAD8DCD93} = {4409FDF7-82BD-4A89-A17C-E49E1D6B7299}
		{34B88445-8FA5-4341-8B13-C2C6558F189A} = {4409FDF7-82BD-4A89-A17C-E49E1D6B7299}
		{99F1AAFB-798C-48A9-8D81-79DEC7047048} = {4409FDF7-82BD-4A89-A17C-E49E1D6B7299}
		{6E76BAB1-9F6F-44D6-8EFF-D181871EC9F7} = {4409FDF7-82BD-4A89-A17C-E49E1D6B7299}
		{C27E9808-5F32-4302-872C-CF5F5A5C00A8} = {4409FDF7-82BD-4A89-A17C-E49E1D6B7299}
		{E00237C6-76CA-4D00-A5B0-E0212F243C8E} = {4409FDF7-82BD-4A89-A17C-E49E1D6B7299}
		{2BE37E78-A3D0-4272-BA06-761B596559DE} = {4409FDF7-82BD-4A89-A17C-E49E1D6B7299}
		{D5E6E78E-33EC-4C59-9A73-C1E2117729BD} = {6AAFDAEF-3FB3-47FE-9FDC-34C936DBEBFD}
		{5A853E2B-A6D0-42B3-AC76-4F916A378E81} = {6AAFDAEF-3FB3-47FE-9FDC-34C936DBEBFD}
		{5BD16AB0-7285-4C47-9DB2-D72F284E9B2C} = {6AAFDAEF-3FB3-47FE-9FDC-34C936DBEBFD}
		{7B7266F1-EA1D-4C76-9A49-B7B31521F533} = {6AAFDAEF-3FB3-47FE-9FDC-34C936DBEBFD}
		{2403BA9B-500F-4965-A717-4ECEF96DA31C} = {6AAFDAEF-3FB3-47FE-9FDC-34C936DBEBFD}
		{C1D9523D-7E00-41FF-B539-8BE82FB90A43} = {6AAFDAEF-3FB3-47FE-9FDC-34C936DBEBFD}
		{7AD367B4-C54A-42E2-AFEC-6663CC8847BC} = {6AAFDAEF-3FB3-47FE-9FDC-34C936DBEBFD}
		{73C7A3DC-9ED6-4142-AC92-B7E96211FC51} = {6AAFDAEF-3FB3-47FE-9FDC-34C936DBEBFD}
		{E63E7480-E49C-4190-AE7F-4224CFB4BE75} = {6AAFDAEF-3FB3-47FE-9FDC-34C936DBEBFD}
		{F1A01E9B-C39A-4955-9158-24F6132887C6} = {6AAFDAEF-3FB3-47FE-9FDC-34C936DBEBFD}
		{7B2B9E09-587A-42E9-B7E3-51FC5E82B622} = {6AAFDAEF-3FB3-47FE-9FDC-34C936DBEBFD}
		{EEB2B842-98D5-4A96-8082-D545FBDD5169} = {14638232-B357-48F7-9E0C-DD743C4A0023}
		{8FE74025-87D6-4DB1-82E9-9ABDD5961357} = {14638232-B357-48F7-9E0C-DD743C4A0023}
		{ABAD136A-8F84-4D76-9D72-842357C483A2} = {14638232-B357-48F7-9E0C-DD743C4A0023}
		{873EF789-E92E-49C4-A606-6AB31A371201} = {14638232-B357-48F7-9E0C-DD743C4A0023}
	EndGlobalSection
	GlobalSection(ExtensibilityGlobals) = postSolution
		SolutionGuid = {DED1FA3F-CD09-4C77-8B86-602632B0E049}
	EndGlobalSection
EndGlobal
